{
 "_meta": {
  "file-type": "spack-lockfile",
  "lockfile-version": 2
 },
 "roots": [
  {
   "hash": "okx6eqzgejhmi2bvfeleufxv3ng5zlgt",
   "spec": "cxxopts"
  },
  {
   "hash": "3arws5xscff5yrtvgooewhjjoclb6hy6",
   "spec": "fmt"
  },
  {
   "hash": "7ev3l5esy5fp7mcuyduvnk36shmtbnyu",
   "spec": "mochi-thallium"
  },
  {
   "hash": "qezl3akgrti7l3tyrs4c44yiqiaf5cex",
   "spec": "mercury~boostsys+ofi"
  },
  {
   "hash": "idsox6vqn252cm4x5rw5pngik5yxjdrs",
   "spec": "libfabric fabrics=rxm,sockets,tcp,verbs"
  }
 ],
 "concrete_specs": {
  "okx6eqzgejhmi2bvfeleufxv3ng5zlgt": {
   "cxxopts": {
    "version": "2.2.0",
    "arch": {
     "platform": "linux",
     "platform_os": "centos7",
     "target": {
      "name": "cascadelake",
      "vendor": "GenuineIntel",
      "features": [
       "adx",
       "aes",
       "avx",
       "avx2",
       "avx512_vnni",
       "avx512bw",
       "avx512cd",
       "avx512dq",
       "avx512f",
       "avx512vl",
       "bmi1",
       "bmi2",
       "clflushopt",
       "clwb",
       "f16c",
       "fma",
       "mmx",
       "movbe",
       "pclmulqdq",
       "popcnt",
       "rdrand",
       "rdseed",
       "sse",
       "sse2",
       "sse4_1",
       "sse4_2",
       "ssse3",
       "xsavec",
       "xsaveopt"
      ],
      "generation": 0,
      "parents": [
       "skylake_avx512"
      ]
     }
    },
    "compiler": {
     "name": "gcc",
     "version": "9.3.1"
    },
    "namespace": "builtin",
    "parameters": {
     "build_type": "RelWithDebInfo",
     "ipo": false,
     "unicode": false,
     "cflags": [],
     "cppflags": [],
     "cxxflags": [],
     "fflags": [],
     "ldflags": [],
     "ldlibs": []
    },
    "dependencies": {
     "cmake": {
      "hash": "donkss5d5yywrus4ed22qn43wxe4v3k7",
      "type": [
       "build"
      ]
     }
    },
    "hash": "6c6vncyox7j7n67cknsv253opivqmuui"
   }
  },
  "donkss5d5yywrus4ed22qn43wxe4v3k7": {
   "cmake": {
    "version": "3.17.5",
    "arch": {
     "platform": "linux",
     "platform_os": "centos7",
     "target": {
      "name": "cascadelake",
      "vendor": "GenuineIntel",
      "features": [
       "adx",
       "aes",
       "avx",
       "avx2",
       "avx512_vnni",
       "avx512bw",
       "avx512cd",
       "avx512dq",
       "avx512f",
       "avx512vl",
       "bmi1",
       "bmi2",
       "clflushopt",
       "clwb",
       "f16c",
       "fma",
       "mmx",
       "movbe",
       "pclmulqdq",
       "popcnt",
       "rdrand",
       "rdseed",
       "sse",
       "sse2",
       "sse4_1",
       "sse4_2",
       "ssse3",
       "xsavec",
       "xsaveopt"
      ],
      "generation": 0,
      "parents": [
       "skylake_avx512"
      ]
     }
    },
    "compiler": {
     "name": "gcc",
     "version": "9.3.1"
    },
    "namespace": "builtin",
    "parameters": {
     "build_type": "Release",
     "doc": false,
     "ncurses": true,
     "openssl": true,
     "ownlibs": true,
     "patches": [
      "bf695e3febb222da2ed94b3beea600650e4318975da90e4a71d6f31a6d5d8c3d"
     ],
     "qt": false,
     "cflags": [],
     "cppflags": [],
     "cxxflags": [],
     "fflags": [],
     "ldflags": [],
     "ldlibs": []
    },
    "external": {
     "path": "/usr/local",
     "module": null,
     "extra_attributes": {}
    },
    "patches": [
     "bf695e3febb222da2ed94b3beea600650e4318975da90e4a71d6f31a6d5d8c3d"
    ],
    "hash": "donkss5d5yywrus4ed22qn43wxe4v3k7"
   }
  },
  "3arws5xscff5yrtvgooewhjjoclb6hy6": {
   "fmt": {
    "version": "7.1.3",
    "arch": {
     "platform": "linux",
     "platform_os": "centos7",
     "target": {
      "name": "cascadelake",
      "vendor": "GenuineIntel",
      "features": [
       "adx",
       "aes",
       "avx",
       "avx2",
       "avx512_vnni",
       "avx512bw",
       "avx512cd",
       "avx512dq",
       "avx512f",
       "avx512vl",
       "bmi1",
       "bmi2",
       "clflushopt",
       "clwb",
       "f16c",
       "fma",
       "mmx",
       "movbe",
       "pclmulqdq",
       "popcnt",
       "rdrand",
       "rdseed",
       "sse",
       "sse2",
       "sse4_1",
       "sse4_2",
       "ssse3",
       "xsavec",
       "xsaveopt"
      ],
      "generation": 0,
      "parents": [
       "skylake_avx512"
      ]
     }
    },
    "compiler": {
     "name": "gcc",
     "version": "9.3.1"
    },
    "namespace": "builtin",
    "parameters": {
     "build_type": "RelWithDebInfo",
     "cxxstd": "11",
     "ipo": false,
     "pic": true,
     "cflags": [],
     "cppflags": [],
     "cxxflags": [],
     "fflags": [],
     "ldflags": [],
     "ldlibs": []
    },
    "dependencies": {
     "cmake": {
      "hash": "donkss5d5yywrus4ed22qn43wxe4v3k7",
      "type": [
       "build"
      ]
     }
    },
    "hash": "zjyde3aensjp5aosdukd55wkaeldevgk"
   }
  },
  "7ev3l5esy5fp7mcuyduvnk36shmtbnyu": {
   "mochi-thallium": {
    "version": "0.8.5",
    "arch": {
     "platform": "linux",
     "platform_os": "centos7",
     "target": {
      "name": "cascadelake",
      "vendor": "GenuineIntel",
      "features": [
       "adx",
       "aes",
       "avx",
       "avx2",
       "avx512_vnni",
       "avx512bw",
       "avx512cd",
       "avx512dq",
       "avx512f",
       "avx512vl",
       "bmi1",
       "bmi2",
       "clflushopt",
       "clwb",
       "f16c",
       "fma",
       "mmx",
       "movbe",
       "pclmulqdq",
       "popcnt",
       "rdrand",
       "rdseed",
       "sse",
       "sse2",
       "sse4_1",
       "sse4_2",
       "ssse3",
       "xsavec",
       "xsaveopt"
      ],
      "generation": 0,
      "parents": [
       "skylake_avx512"
      ]
     }
    },
    "compiler": {
     "name": "gcc",
     "version": "9.3.1"
    },
    "namespace": "mochi",
    "parameters": {
     "build_type": "RelWithDebInfo",
     "cereal": true,
     "ipo": false,
     "cflags": [],
     "cppflags": [],
     "cxxflags": [],
     "fflags": [],
     "ldflags": [],
     "ldlibs": []
    },
    "dependencies": {
     "cereal": {
      "hash": "eode2aqixij7duy3ud3pek3eefug4zdq",
      "type": [
       "build",
       "link"
      ]
     },
     "cmake": {
      "hash": "donkss5d5yywrus4ed22qn43wxe4v3k7",
      "type": [
       "build"
      ]
     },
     "mochi-margo": {
      "hash": "n3fa6ko6sbqokdbvilyhya7acovldqpg",
      "type": [
       "build",
       "link"
      ]
     },
     "pkg-config": {
      "hash": "g6pek5v5zxdob4dra3rcnu6ybh4pmrhp",
      "type": [
       "build"
      ]
     }
    },
    "hash": "kwbmt34og2n5tedidnx4e6mumsqdibtn"
   }
  },
  "eode2aqixij7duy3ud3pek3eefug4zdq": {
   "cereal": {
    "version": "1.3.0",
    "arch": {
     "platform": "linux",
     "platform_os": "centos7",
     "target": {
      "name": "cascadelake",
      "vendor": "GenuineIntel",
      "features": [
       "adx",
       "aes",
       "avx",
       "avx2",
       "avx512_vnni",
       "avx512bw",
       "avx512cd",
       "avx512dq",
       "avx512f",
       "avx512vl",
       "bmi1",
       "bmi2",
       "clflushopt",
       "clwb",
       "f16c",
       "fma",
       "mmx",
       "movbe",
       "pclmulqdq",
       "popcnt",
       "rdrand",
       "rdseed",
       "sse",
       "sse2",
       "sse4_1",
       "sse4_2",
       "ssse3",
       "xsavec",
       "xsaveopt"
      ],
      "generation": 0,
      "parents": [
       "skylake_avx512"
      ]
     }
    },
    "compiler": {
     "name": "gcc",
     "version": "9.3.1"
    },
    "namespace": "builtin",
    "parameters": {
     "build_type": "RelWithDebInfo",
     "ipo": false,
     "patches": [
      "27c9b597010237598d72a7cb08df40d15338d5039e2b59cee30299ba51db5eaf",
      "2dfa0bff9816d0ebd8a1bcc70ced4483b3cda83a982ea5027f1aaadceaa15aac",
      "720265382f29b744488d67e8df5000f2ca1b4dceb2018835fb5dc7a3a1c23f75",
      "91f968e9ac3964e1a689a9ad379ab16f7803ac3d34d24f87ebcaecaa3f9a2f16"
     ],
     "cflags": [],
     "cppflags": [],
     "cxxflags": [],
     "fflags": [],
     "ldflags": [],
     "ldlibs": []
    },
    "patches": [
     "720265382f29b744488d67e8df5000f2ca1b4dceb2018835fb5dc7a3a1c23f75",
     "91f968e9ac3964e1a689a9ad379ab16f7803ac3d34d24f87ebcaecaa3f9a2f16",
     "2dfa0bff9816d0ebd8a1bcc70ced4483b3cda83a982ea5027f1aaadceaa15aac",
     "27c9b597010237598d72a7cb08df40d15338d5039e2b59cee30299ba51db5eaf"
    ],
    "dependencies": {
     "cmake": {
      "hash": "donkss5d5yywrus4ed22qn43wxe4v3k7",
      "type": [
       "build"
      ]
     }
    },
    "hash": "ymv42lnkp3ep7xf45rm4qz3rvqnztexi"
   }
  },
  "n3fa6ko6sbqokdbvilyhya7acovldqpg": {
   "mochi-margo": {
    "version": "0.9.4",
    "arch": {
     "platform": "linux",
     "platform_os": "centos7",
     "target": {
      "name": "cascadelake",
      "vendor": "GenuineIntel",
      "features": [
       "adx",
       "aes",
       "avx",
       "avx2",
       "avx512_vnni",
       "avx512bw",
       "avx512cd",
       "avx512dq",
       "avx512f",
       "avx512vl",
       "bmi1",
       "bmi2",
       "clflushopt",
       "clwb",
       "f16c",
       "fma",
       "mmx",
       "movbe",
       "pclmulqdq",
       "popcnt",
       "rdrand",
       "rdseed",
       "sse",
       "sse2",
       "sse4_1",
       "sse4_2",
       "ssse3",
       "xsavec",
       "xsaveopt"
      ],
      "generation": 0,
      "parents": [
       "skylake_avx512"
      ]
     }
    },
    "compiler": {
     "name": "gcc",
     "version": "9.3.1"
    },
    "namespace": "mochi",
    "parameters": {
     "cflags": [],
     "cppflags": [],
     "cxxflags": [],
     "fflags": [],
     "ldflags": [],
     "ldlibs": []
    },
    "dependencies": {
     "argobots": {
      "hash": "katwdffsrbb3dasgbwbvj2zo6azhjajy",
      "type": [
       "build",
       "link"
      ]
     },
     "autoconf": {
      "hash": "75himeresjcgoqmaa7for47uu3iu6g6h",
      "type": [
       "build"
      ]
     },
     "automake": {
      "hash": "4k73qypezkvfrls2rar2arljnfn2uhnw",
      "type": [
       "build"
      ]
     },
     "json-c": {
      "hash": "z4knep5ysitfgtc43u5otapi5egcvrpt",
      "type": [
       "build",
       "link"
      ]
     },
     "libtool": {
      "hash": "fh5ukr26jz4pddltl6z24z3lslhgydba",
      "type": [
       "build"
      ]
     },
     "m4": {
      "hash": "mw4noyhttgezm2e3z3jwuiqwok62vsws",
      "type": [
       "build"
      ]
     },
     "mercury": {
      "hash": "qezl3akgrti7l3tyrs4c44yiqiaf5cex",
      "type": [
       "build",
       "link",
       "run"
      ]
     },
     "pkg-config": {
      "hash": "g6pek5v5zxdob4dra3rcnu6ybh4pmrhp",
      "type": [
       "build"
      ]
     }
    },
    "hash": "ypvttl33ili7iu3jgaptpvzkjxximxkb"
   }
  },
  "katwdffsrbb3dasgbwbvj2zo6azhjajy": {
   "argobots": {
    "version": "1.1",
    "arch": {
     "platform": "linux",
     "platform_os": "centos7",
     "target": {
      "name": "cascadelake",
      "vendor": "GenuineIntel",
      "features": [
       "adx",
       "aes",
       "avx",
       "avx2",
       "avx512_vnni",
       "avx512bw",
       "avx512cd",
       "avx512dq",
       "avx512f",
       "avx512vl",
       "bmi1",
       "bmi2",
       "clflushopt",
       "clwb",
       "f16c",
       "fma",
       "mmx",
       "movbe",
       "pclmulqdq",
       "popcnt",
       "rdrand",
       "rdseed",
       "sse",
       "sse2",
       "sse4_1",
       "sse4_2",
       "ssse3",
       "xsavec",
       "xsaveopt"
      ],
      "generation": 0,
      "parents": [
       "skylake_avx512"
      ]
     }
    },
    "compiler": {
     "name": "gcc",
     "version": "9.3.1"
    },
    "namespace": "mochi",
    "parameters": {
     "affinity": false,
     "debug": false,
     "perf": true,
     "stackguard": "none",
     "stackunwind": false,
     "tool": false,
     "valgrind": false,
     "cflags": [],
     "cppflags": [],
     "cxxflags": [],
     "fflags": [],
     "ldflags": [],
     "ldlibs": []
    },
    "hash": "katwdffsrbb3dasgbwbvj2zo6azhjajy"
   }
  },
  "75himeresjcgoqmaa7for47uu3iu6g6h": {
   "autoconf": {
    "version": "2.69",
    "arch": {
     "platform": "linux",
     "platform_os": "centos7",
     "target": {
      "name": "cascadelake",
      "vendor": "GenuineIntel",
      "features": [
       "adx",
       "aes",
       "avx",
       "avx2",
       "avx512_vnni",
       "avx512bw",
       "avx512cd",
       "avx512dq",
       "avx512f",
       "avx512vl",
       "bmi1",
       "bmi2",
       "clflushopt",
       "clwb",
       "f16c",
       "fma",
       "mmx",
       "movbe",
       "pclmulqdq",
       "popcnt",
       "rdrand",
       "rdseed",
       "sse",
       "sse2",
       "sse4_1",
       "sse4_2",
       "ssse3",
       "xsavec",
       "xsaveopt"
      ],
      "generation": 0,
      "parents": [
       "skylake_avx512"
      ]
     }
    },
    "compiler": {
     "name": "gcc",
     "version": "9.3.1"
    },
    "namespace": "builtin",
    "parameters": {
     "cflags": [],
     "cppflags": [],
     "cxxflags": [],
     "fflags": [],
     "ldflags": [],
     "ldlibs": []
    },
    "external": {
     "path": "/usr",
     "module": null,
     "extra_attributes": {}
    },
    "hash": "75himeresjcgoqmaa7for47uu3iu6g6h"
   }
  },
  "4k73qypezkvfrls2rar2arljnfn2uhnw": {
   "automake": {
    "version": "1.13.4",
    "arch": {
     "platform": "linux",
     "platform_os": "centos7",
     "target": {
      "name": "cascadelake",
      "vendor": "GenuineIntel",
      "features": [
       "adx",
       "aes",
       "avx",
       "avx2",
       "avx512_vnni",
       "avx512bw",
       "avx512cd",
       "avx512dq",
       "avx512f",
       "avx512vl",
       "bmi1",
       "bmi2",
       "clflushopt",
       "clwb",
       "f16c",
       "fma",
       "mmx",
       "movbe",
       "pclmulqdq",
       "popcnt",
       "rdrand",
       "rdseed",
       "sse",
       "sse2",
       "sse4_1",
       "sse4_2",
       "ssse3",
       "xsavec",
       "xsaveopt"
      ],
      "generation": 0,
      "parents": [
       "skylake_avx512"
      ]
     }
    },
    "compiler": {
     "name": "gcc",
     "version": "9.3.1"
    },
    "namespace": "builtin",
    "parameters": {
     "cflags": [],
     "cppflags": [],
     "cxxflags": [],
     "fflags": [],
     "ldflags": [],
     "ldlibs": []
    },
    "external": {
     "path": "/usr",
     "module": null,
     "extra_attributes": {}
    },
    "hash": "4k73qypezkvfrls2rar2arljnfn2uhnw"
   }
  },
  "z4knep5ysitfgtc43u5otapi5egcvrpt": {
   "json-c": {
    "version": "0.13.1",
    "arch": {
     "platform": "linux",
     "platform_os": "centos7",
     "target": {
      "name": "cascadelake",
      "vendor": "GenuineIntel",
      "features": [
       "adx",
       "aes",
       "avx",
       "avx2",
       "avx512_vnni",
       "avx512bw",
       "avx512cd",
       "avx512dq",
       "avx512f",
       "avx512vl",
       "bmi1",
       "bmi2",
       "clflushopt",
       "clwb",
       "f16c",
       "fma",
       "mmx",
       "movbe",
       "pclmulqdq",
       "popcnt",
       "rdrand",
       "rdseed",
       "sse",
       "sse2",
       "sse4_1",
       "sse4_2",
       "ssse3",
       "xsavec",
       "xsaveopt"
      ],
      "generation": 0,
      "parents": [
       "skylake_avx512"
      ]
     }
    },
    "compiler": {
     "name": "gcc",
     "version": "9.3.1"
    },
    "namespace": "builtin",
    "parameters": {
     "cflags": [],
     "cppflags": [],
     "cxxflags": [],
     "fflags": [],
     "ldflags": [],
     "ldlibs": []
    },
    "dependencies": {
     "autoconf": {
      "hash": "75himeresjcgoqmaa7for47uu3iu6g6h",
      "type": [
       "build"
      ]
     }
    },
    "hash": "mms5a4k25qfq7n4vzzvqjf3h2656dzk2"
   }
  },
  "fh5ukr26jz4pddltl6z24z3lslhgydba": {
   "libtool": {
    "version": "2.4.2",
    "arch": {
     "platform": "linux",
     "platform_os": "centos7",
     "target": {
      "name": "cascadelake",
      "vendor": "GenuineIntel",
      "features": [
       "adx",
       "aes",
       "avx",
       "avx2",
       "avx512_vnni",
       "avx512bw",
       "avx512cd",
       "avx512dq",
       "avx512f",
       "avx512vl",
       "bmi1",
       "bmi2",
       "clflushopt",
       "clwb",
       "f16c",
       "fma",
       "mmx",
       "movbe",
       "pclmulqdq",
       "popcnt",
       "rdrand",
       "rdseed",
       "sse",
       "sse2",
       "sse4_1",
       "sse4_2",
       "ssse3",
       "xsavec",
       "xsaveopt"
      ],
      "generation": 0,
      "parents": [
       "skylake_avx512"
      ]
     }
    },
    "compiler": {
     "name": "gcc",
     "version": "9.3.1"
    },
    "namespace": "builtin",
    "parameters": {
     "cflags": [],
     "cppflags": [],
     "cxxflags": [],
     "fflags": [],
     "ldflags": [],
     "ldlibs": []
    },
    "external": {
     "path": "/usr",
     "module": null,
     "extra_attributes": {}
    },
    "hash": "fh5ukr26jz4pddltl6z24z3lslhgydba"
   }
  },
  "mw4noyhttgezm2e3z3jwuiqwok62vsws": {
   "m4": {
    "version": "1.4.16",
    "arch": {
     "platform": "linux",
     "platform_os": "centos7",
     "target": {
      "name": "cascadelake",
      "vendor": "GenuineIntel",
      "features": [
       "adx",
       "aes",
       "avx",
       "avx2",
       "avx512_vnni",
       "avx512bw",
       "avx512cd",
       "avx512dq",
       "avx512f",
       "avx512vl",
       "bmi1",
       "bmi2",
       "clflushopt",
       "clwb",
       "f16c",
       "fma",
       "mmx",
       "movbe",
       "pclmulqdq",
       "popcnt",
       "rdrand",
       "rdseed",
       "sse",
       "sse2",
       "sse4_1",
       "sse4_2",
       "ssse3",
       "xsavec",
       "xsaveopt"
      ],
      "generation": 0,
      "parents": [
       "skylake_avx512"
      ]
     }
    },
    "compiler": {
     "name": "gcc",
     "version": "9.3.1"
    },
    "namespace": "builtin",
    "parameters": {
     "sigsegv": true,
     "cflags": [],
     "cppflags": [],
     "cxxflags": [],
     "fflags": [],
     "ldflags": [],
     "ldlibs": []
    },
    "external": {
     "path": "/usr",
     "module": null,
     "extra_attributes": {}
    },
    "hash": "mw4noyhttgezm2e3z3jwuiqwok62vsws"
   }
  },
  "qezl3akgrti7l3tyrs4c44yiqiaf5cex": {
   "mercury": {
    "version": "2.0.1rc3",
    "arch": {
     "platform": "linux",
     "platform_os": "centos7",
     "target": {
      "name": "cascadelake",
      "vendor": "GenuineIntel",
      "features": [
       "adx",
       "aes",
       "avx",
       "avx2",
       "avx512_vnni",
       "avx512bw",
       "avx512cd",
       "avx512dq",
       "avx512f",
       "avx512vl",
       "bmi1",
       "bmi2",
       "clflushopt",
       "clwb",
       "f16c",
       "fma",
       "mmx",
       "movbe",
       "pclmulqdq",
       "popcnt",
       "rdrand",
       "rdseed",
       "sse",
       "sse2",
       "sse4_1",
       "sse4_2",
       "ssse3",
       "xsavec",
       "xsaveopt"
      ],
      "generation": 0,
      "parents": [
       "skylake_avx512"
      ]
     }
    },
    "compiler": {
     "name": "gcc",
     "version": "9.3.1"
    },
    "namespace": "mochi",
    "parameters": {
     "bmi": false,
     "boostsys": false,
     "build_type": "RelWithDebInfo",
     "cci": false,
     "checksum": true,
     "debug": false,
     "ipo": false,
     "mpi": false,
     "ofi": true,
     "shared": true,
     "sm": true,
     "udreg": false,
     "cflags": [],
     "cppflags": [],
     "cxxflags": [],
     "fflags": [],
     "ldflags": [],
     "ldlibs": []
    },
    "dependencies": {
     "cmake": {
      "hash": "donkss5d5yywrus4ed22qn43wxe4v3k7",
      "type": [
       "build"
      ]
     },
     "libfabric": {
      "hash": "idsox6vqn252cm4x5rw5pngik5yxjdrs",
      "type": [
       "build",
       "link"
      ]
     }
    },
    "hash": "odnqz5vms7pxjikia3fjmdzkplpqsuan"
   }
  },
  "idsox6vqn252cm4x5rw5pngik5yxjdrs": {
   "libfabric": {
    "version": "1.11.1",
    "arch": {
     "platform": "linux",
     "platform_os": "centos7",
     "target": {
      "name": "cascadelake",
      "vendor": "GenuineIntel",
      "features": [
       "adx",
       "aes",
       "avx",
       "avx2",
       "avx512_vnni",
       "avx512bw",
       "avx512cd",
       "avx512dq",
       "avx512f",
       "avx512vl",
       "bmi1",
       "bmi2",
       "clflushopt",
       "clwb",
       "f16c",
       "fma",
       "mmx",
       "movbe",
       "pclmulqdq",
       "popcnt",
       "rdrand",
       "rdseed",
       "sse",
       "sse2",
       "sse4_1",
       "sse4_2",
       "ssse3",
       "xsavec",
       "xsaveopt"
      ],
      "generation": 0,
      "parents": [
       "skylake_avx512"
      ]
     }
    },
    "compiler": {
     "name": "gcc",
     "version": "9.3.1"
    },
    "namespace": "mochi",
    "parameters": {
     "disable-spinlocks": false,
     "fabrics": [
      "rxm",
      "sockets",
      "tcp",
      "verbs"
     ],
     "kdreg": false,
     "cflags": [],
     "cppflags": [],
     "cxxflags": [],
     "fflags": [],
     "ldflags": [],
     "ldlibs": []
    },
    "dependencies": {
     "rdma-core": {
      "hash": "vogpj7vetkgjkxnfyv7in3q2euimll6q",
      "type": [
       "build",
       "link"
      ]
     }
    },
    "hash": "idsox6vqn252cm4x5rw5pngik5yxjdrs"
   }
  },
  "vogpj7vetkgjkxnfyv7in3q2euimll6q": {
   "rdma-core": {
    "version": "52mlnx1",
    "arch": {
     "platform": "linux",
     "platform_os": "centos7",
     "target": {
      "name": "cascadelake",
      "vendor": "GenuineIntel",
      "features": [
       "adx",
       "aes",
       "avx",
       "avx2",
       "avx512_vnni",
       "avx512bw",
       "avx512cd",
       "avx512dq",
       "avx512f",
       "avx512vl",
       "bmi1",
       "bmi2",
       "clflushopt",
       "clwb",
       "f16c",
       "fma",
       "mmx",
       "movbe",
       "pclmulqdq",
       "popcnt",
       "rdrand",
       "rdseed",
       "sse",
       "sse2",
       "sse4_1",
       "sse4_2",
       "ssse3",
       "xsavec",
       "xsaveopt"
      ],
      "generation": 0,
      "parents": [
       "skylake_avx512"
      ]
     }
    },
    "compiler": {
     "name": "gcc",
     "version": "9.3.1"
    },
    "namespace": "builtin",
    "parameters": {
     "build_type": "RelWithDebInfo",
     "ipo": false,
     "cflags": [],
     "cppflags": [],
     "cxxflags": [],
     "fflags": [],
     "ldflags": [],
     "ldlibs": []
    },
    "external": {
     "path": "/usr",
     "module": null,
     "extra_attributes": {}
    },
    "hash": "vogpj7vetkgjkxnfyv7in3q2euimll6q"
   }
  },
  "g6pek5v5zxdob4dra3rcnu6ybh4pmrhp": {
   "pkg-config": {
    "version": "0.27.1",
    "arch": {
     "platform": "linux",
     "platform_os": "centos7",
     "target": {
      "name": "cascadelake",
      "vendor": "GenuineIntel",
      "features": [
       "adx",
       "aes",
       "avx",
       "avx2",
       "avx512_vnni",
       "avx512bw",
       "avx512cd",
       "avx512dq",
       "avx512f",
       "avx512vl",
       "bmi1",
       "bmi2",
       "clflushopt",
       "clwb",
       "f16c",
       "fma",
       "mmx",
       "movbe",
       "pclmulqdq",
       "popcnt",
       "rdrand",
       "rdseed",
       "sse",
       "sse2",
       "sse4_1",
       "sse4_2",
       "ssse3",
       "xsavec",
       "xsaveopt"
      ],
      "generation": 0,
      "parents": [
       "skylake_avx512"
      ]
     }
    },
    "compiler": {
     "name": "gcc",
     "version": "9.3.1"
    },
    "namespace": "builtin",
    "parameters": {
     "internal_glib": true,
     "patches": [
      "49ffcd644e190dc5efcb2fab491177811ea746c1a526f75d77118c2706574358"
     ],
     "cflags": [],
     "cppflags": [],
     "cxxflags": [],
     "fflags": [],
     "ldflags": [],
     "ldlibs": []
    },
    "external": {
     "path": "/usr",
     "module": null,
     "extra_attributes": {}
    },
    "patches": [
     "49ffcd644e190dc5efcb2fab491177811ea746c1a526f75d77118c2706574358"
    ],
    "hash": "g6pek5v5zxdob4dra3rcnu6ybh4pmrhp"
   }
  }
 }
}