{
 "_meta": {
  "file-type": "spack-lockfile",
  "lockfile-version": 2
 },
 "roots": [
  {
   "hash": "4kxpjkqjghlkgkyetm2jvzxdm2se5qvp",
   "spec": "libfabric@1.12.1 fabrics=rxm,sockets,tcp"
  },
  {
   "hash": "66jqmhdum3f632ban6kyq33a2xapmnah",
   "spec": "mercury~boostsys+ofi"
  },
  {
   "hash": "ofq6wmbknkvlqekwxq3nwi6mrtzypw4o",
   "spec": "mochi-thallium"
  },
  {
   "hash": "fhdmwvppujkmfkieij6gdl62b6jhlx34",
   "spec": "cxxopts"
  },
  {
   "hash": "wvzpibr7t6zjlsacevw5jivdzn5fda2c",
   "spec": "fmt"
  },
  {
   "hash": "qi4igokad62hvi32j44b4drn65al5yzm",
   "spec": "pmdk@master+rpmem"
  },
  {
   "hash": "5752in2zt5mp453xh4y43qz57t2m5w5v",
   "spec": "libpmemobj-cpp"
  },
  {
   "hash": "dt3vwjdmfmonl4m2idkstppcilxpbfxk",
   "spec": "pmemkv+cmap+csmap"
  },
  {
   "hash": "6oh34gyl2iyvd5pu2azd3t2h4wkrfikj",
   "spec": "memkind"
  },
  {
   "hash": "6cb2tsfxdb4cvbbkqgsvn5mhhr3mcdsx",
   "spec": "doctest"
  },
  {
   "hash": "p5uonfjz6ufqnivskgap6yc6z7k43xmz",
   "spec": "nlohmann-json"
  }
 ],
 "concrete_specs": {
  "4kxpjkqjghlkgkyetm2jvzxdm2se5qvp": {
   "libfabric": {
    "version": "1.12.1",
    "arch": {
     "platform": "linux",
     "platform_os": "rhel7",
     "target": {
      "name": "skylake_avx512",
      "vendor": "GenuineIntel",
      "features": [
       "adx",
       "aes",
       "avx",
       "avx2",
       "avx512bw",
       "avx512cd",
       "avx512dq",
       "avx512f",
       "avx512vl",
       "bmi1",
       "bmi2",
       "clflushopt",
       "clwb",
       "f16c",
       "fma",
       "mmx",
       "movbe",
       "pclmulqdq",
       "popcnt",
       "rdrand",
       "rdseed",
       "sse",
       "sse2",
       "sse4_1",
       "sse4_2",
       "ssse3",
       "xsavec",
       "xsaveopt"
      ],
      "generation": 0,
      "parents": [
       "skylake",
       "x86_64_v4"
      ]
     }
    },
    "compiler": {
     "name": "gcc",
     "version": "8.3.1"
    },
    "namespace": "mochi",
    "parameters": {
     "debug": false,
     "disable-spinlocks": false,
     "fabrics": [
      "rxm",
      "sockets",
      "tcp"
     ],
     "kdreg": false,
     "cflags": [],
     "cppflags": [],
     "cxxflags": [],
     "fflags": [],
     "ldflags": [],
     "ldlibs": []
    },
    "hash": "4kxpjkqjghlkgkyetm2jvzxdm2se5qvp"
   }
  },
  "66jqmhdum3f632ban6kyq33a2xapmnah": {
   "mercury": {
    "version": "2.0.1",
    "arch": {
     "platform": "linux",
     "platform_os": "rhel7",
     "target": {
      "name": "skylake_avx512",
      "vendor": "GenuineIntel",
      "features": [
       "adx",
       "aes",
       "avx",
       "avx2",
       "avx512bw",
       "avx512cd",
       "avx512dq",
       "avx512f",
       "avx512vl",
       "bmi1",
       "bmi2",
       "clflushopt",
       "clwb",
       "f16c",
       "fma",
       "mmx",
       "movbe",
       "pclmulqdq",
       "popcnt",
       "rdrand",
       "rdseed",
       "sse",
       "sse2",
       "sse4_1",
       "sse4_2",
       "ssse3",
       "xsavec",
       "xsaveopt"
      ],
      "generation": 0,
      "parents": [
       "skylake",
       "x86_64_v4"
      ]
     }
    },
    "compiler": {
     "name": "gcc",
     "version": "8.3.1"
    },
    "namespace": "mochi",
    "parameters": {
     "bmi": false,
     "boostsys": false,
     "build_type": "RelWithDebInfo",
     "cci": false,
     "checksum": true,
     "debug": false,
     "ipo": false,
     "mpi": false,
     "ofi": true,
     "shared": true,
     "sm": true,
     "udreg": false,
     "cflags": [],
     "cppflags": [],
     "cxxflags": [],
     "fflags": [],
     "ldflags": [],
     "ldlibs": []
    },
    "dependencies": {
     "cmake": {
      "hash": "weqbax2ccjcclucga6dcj6bkxtby6c5z",
      "type": [
       "build"
      ]
     },
     "libfabric": {
      "hash": "4kxpjkqjghlkgkyetm2jvzxdm2se5qvp",
      "type": [
       "build",
       "link"
      ]
     }
    },
    "hash": "ohmowuitobr2qdka5ieuye6wcgioc5sp"
   }
  },
  "weqbax2ccjcclucga6dcj6bkxtby6c5z": {
   "cmake": {
    "version": "3.20.3",
    "arch": {
     "platform": "linux",
     "platform_os": "rhel7",
     "target": {
      "name": "skylake_avx512",
      "vendor": "GenuineIntel",
      "features": [
       "adx",
       "aes",
       "avx",
       "avx2",
       "avx512bw",
       "avx512cd",
       "avx512dq",
       "avx512f",
       "avx512vl",
       "bmi1",
       "bmi2",
       "clflushopt",
       "clwb",
       "f16c",
       "fma",
       "mmx",
       "movbe",
       "pclmulqdq",
       "popcnt",
       "rdrand",
       "rdseed",
       "sse",
       "sse2",
       "sse4_1",
       "sse4_2",
       "ssse3",
       "xsavec",
       "xsaveopt"
      ],
      "generation": 0,
      "parents": [
       "skylake",
       "x86_64_v4"
      ]
     }
    },
    "compiler": {
     "name": "gcc",
     "version": "8.3.1"
    },
    "namespace": "builtin",
    "parameters": {
     "build_type": "Release",
     "doc": false,
     "ncurses": true,
     "openssl": true,
     "ownlibs": true,
     "qt": false,
     "cflags": [],
     "cppflags": [],
     "cxxflags": [],
     "fflags": [],
     "ldflags": [],
     "ldlibs": []
    },
    "dependencies": {
     "ncurses": {
      "hash": "247kiwxambduq77qm5dwnxnu5rokcyfk",
      "type": [
       "build",
       "link"
      ]
     },
     "openssl": {
      "hash": "a6noj4od2qsmrtik7oxy4xydz7pz6xgq",
      "type": [
       "build",
       "link"
      ]
     }
    },
    "hash": "ohrpykhwgv5iab2pavznpg4p57ppogud"
   }
  },
  "247kiwxambduq77qm5dwnxnu5rokcyfk": {
   "ncurses": {
    "version": "6.2",
    "arch": {
     "platform": "linux",
     "platform_os": "rhel7",
     "target": {
      "name": "skylake_avx512",
      "vendor": "GenuineIntel",
      "features": [
       "adx",
       "aes",
       "avx",
       "avx2",
       "avx512bw",
       "avx512cd",
       "avx512dq",
       "avx512f",
       "avx512vl",
       "bmi1",
       "bmi2",
       "clflushopt",
       "clwb",
       "f16c",
       "fma",
       "mmx",
       "movbe",
       "pclmulqdq",
       "popcnt",
       "rdrand",
       "rdseed",
       "sse",
       "sse2",
       "sse4_1",
       "sse4_2",
       "ssse3",
       "xsavec",
       "xsaveopt"
      ],
      "generation": 0,
      "parents": [
       "skylake",
       "x86_64_v4"
      ]
     }
    },
    "compiler": {
     "name": "gcc",
     "version": "8.3.1"
    },
    "namespace": "builtin",
    "parameters": {
     "abi": "none",
     "symlinks": false,
     "termlib": true,
     "cflags": [],
     "cppflags": [],
     "cxxflags": [],
     "fflags": [],
     "ldflags": [],
     "ldlibs": []
    },
    "dependencies": {
     "pkg-config": {
      "hash": "uzd3bzdb6753byphwzm2qbr7fjdi2fs7",
      "type": [
       "build"
      ]
     }
    },
    "hash": "jwcnqlvwlk7pkw3o2eno6hvocev3hmgd"
   }
  },
  "uzd3bzdb6753byphwzm2qbr7fjdi2fs7": {
   "pkg-config": {
    "version": "0.27.1",
    "arch": {
     "platform": "linux",
     "platform_os": "rhel7",
     "target": {
      "name": "skylake_avx512",
      "vendor": "GenuineIntel",
      "features": [
       "adx",
       "aes",
       "avx",
       "avx2",
       "avx512bw",
       "avx512cd",
       "avx512dq",
       "avx512f",
       "avx512vl",
       "bmi1",
       "bmi2",
       "clflushopt",
       "clwb",
       "f16c",
       "fma",
       "mmx",
       "movbe",
       "pclmulqdq",
       "popcnt",
       "rdrand",
       "rdseed",
       "sse",
       "sse2",
       "sse4_1",
       "sse4_2",
       "ssse3",
       "xsavec",
       "xsaveopt"
      ],
      "generation": 0,
      "parents": [
       "skylake",
       "x86_64_v4"
      ]
     }
    },
    "compiler": {
     "name": "gcc",
     "version": "8.3.1"
    },
    "namespace": "builtin",
    "parameters": {
     "internal_glib": true,
     "patches": [
      "49ffcd644e190dc5efcb2fab491177811ea746c1a526f75d77118c2706574358"
     ],
     "cflags": [],
     "cppflags": [],
     "cxxflags": [],
     "fflags": [],
     "ldflags": [],
     "ldlibs": []
    },
    "external": {
     "path": "/",
     "module": null,
     "extra_attributes": {}
    },
    "patches": [
     "49ffcd644e190dc5efcb2fab491177811ea746c1a526f75d77118c2706574358"
    ],
    "hash": "uzd3bzdb6753byphwzm2qbr7fjdi2fs7"
   }
  },
  "a6noj4od2qsmrtik7oxy4xydz7pz6xgq": {
   "openssl": {
    "version": "1.1.1k",
    "arch": {
     "platform": "linux",
     "platform_os": "rhel7",
     "target": {
      "name": "skylake_avx512",
      "vendor": "GenuineIntel",
      "features": [
       "adx",
       "aes",
       "avx",
       "avx2",
       "avx512bw",
       "avx512cd",
       "avx512dq",
       "avx512f",
       "avx512vl",
       "bmi1",
       "bmi2",
       "clflushopt",
       "clwb",
       "f16c",
       "fma",
       "mmx",
       "movbe",
       "pclmulqdq",
       "popcnt",
       "rdrand",
       "rdseed",
       "sse",
       "sse2",
       "sse4_1",
       "sse4_2",
       "ssse3",
       "xsavec",
       "xsaveopt"
      ],
      "generation": 0,
      "parents": [
       "skylake",
       "x86_64_v4"
      ]
     }
    },
    "compiler": {
     "name": "gcc",
     "version": "8.3.1"
    },
    "namespace": "builtin",
    "parameters": {
     "docs": false,
     "systemcerts": true,
     "cflags": [],
     "cppflags": [],
     "cxxflags": [],
     "fflags": [],
     "ldflags": [],
     "ldlibs": []
    },
    "dependencies": {
     "perl": {
      "hash": "lcqteyzdbel2vpfvuqft6sspimgn5cju",
      "type": [
       "build",
       "test"
      ]
     },
     "zlib": {
      "hash": "kzsxhofutmdsd6msbno6do7ewdrzod6z",
      "type": [
       "build",
       "link"
      ]
     }
    },
    "hash": "qgwoad4v6vtsp37tyskh2znexlttxbqj"
   }
  },
  "lcqteyzdbel2vpfvuqft6sspimgn5cju": {
   "perl": {
    "version": "5.34.0",
    "arch": {
     "platform": "linux",
     "platform_os": "rhel7",
     "target": {
      "name": "skylake_avx512",
      "vendor": "GenuineIntel",
      "features": [
       "adx",
       "aes",
       "avx",
       "avx2",
       "avx512bw",
       "avx512cd",
       "avx512dq",
       "avx512f",
       "avx512vl",
       "bmi1",
       "bmi2",
       "clflushopt",
       "clwb",
       "f16c",
       "fma",
       "mmx",
       "movbe",
       "pclmulqdq",
       "popcnt",
       "rdrand",
       "rdseed",
       "sse",
       "sse2",
       "sse4_1",
       "sse4_2",
       "ssse3",
       "xsavec",
       "xsaveopt"
      ],
      "generation": 0,
      "parents": [
       "skylake",
       "x86_64_v4"
      ]
     }
    },
    "compiler": {
     "name": "gcc",
     "version": "8.3.1"
    },
    "namespace": "builtin",
    "parameters": {
     "cpanm": true,
     "shared": true,
     "threads": true,
     "cflags": [],
     "cppflags": [],
     "cxxflags": [],
     "fflags": [],
     "ldflags": [],
     "ldlibs": []
    },
    "dependencies": {
     "berkeley-db": {
      "hash": "7epzavgnjd6oh7taimvqfrmht7sjjzac",
      "type": [
       "build",
       "link"
      ]
     },
     "gdbm": {
      "hash": "lo7zb3vw6nbotlkmmkbbtsw6vcveeuzz",
      "type": [
       "build",
       "link"
      ]
     }
    },
    "hash": "yxuroxqy3v32tay5445bih5aqbu255a6"
   }
  },
  "7epzavgnjd6oh7taimvqfrmht7sjjzac": {
   "berkeley-db": {
    "version": "18.1.40",
    "arch": {
     "platform": "linux",
     "platform_os": "rhel7",
     "target": {
      "name": "skylake_avx512",
      "vendor": "GenuineIntel",
      "features": [
       "adx",
       "aes",
       "avx",
       "avx2",
       "avx512bw",
       "avx512cd",
       "avx512dq",
       "avx512f",
       "avx512vl",
       "bmi1",
       "bmi2",
       "clflushopt",
       "clwb",
       "f16c",
       "fma",
       "mmx",
       "movbe",
       "pclmulqdq",
       "popcnt",
       "rdrand",
       "rdseed",
       "sse",
       "sse2",
       "sse4_1",
       "sse4_2",
       "ssse3",
       "xsavec",
       "xsaveopt"
      ],
      "generation": 0,
      "parents": [
       "skylake",
       "x86_64_v4"
      ]
     }
    },
    "compiler": {
     "name": "gcc",
     "version": "8.3.1"
    },
    "namespace": "builtin",
    "parameters": {
     "cxx": true,
     "docs": false,
     "patches": [
      "b231fcc4d5cff05e5c3a4814f6a5af0e9a966428dc2176540d2c05aff41de522"
     ],
     "stl": true,
     "cflags": [],
     "cppflags": [],
     "cxxflags": [],
     "fflags": [],
     "ldflags": [],
     "ldlibs": []
    },
    "patches": [
     "b231fcc4d5cff05e5c3a4814f6a5af0e9a966428dc2176540d2c05aff41de522"
    ],
    "hash": "7epzavgnjd6oh7taimvqfrmht7sjjzac"
   }
  },
  "lo7zb3vw6nbotlkmmkbbtsw6vcveeuzz": {
   "gdbm": {
    "version": "1.19",
    "arch": {
     "platform": "linux",
     "platform_os": "rhel7",
     "target": {
      "name": "skylake_avx512",
      "vendor": "GenuineIntel",
      "features": [
       "adx",
       "aes",
       "avx",
       "avx2",
       "avx512bw",
       "avx512cd",
       "avx512dq",
       "avx512f",
       "avx512vl",
       "bmi1",
       "bmi2",
       "clflushopt",
       "clwb",
       "f16c",
       "fma",
       "mmx",
       "movbe",
       "pclmulqdq",
       "popcnt",
       "rdrand",
       "rdseed",
       "sse",
       "sse2",
       "sse4_1",
       "sse4_2",
       "ssse3",
       "xsavec",
       "xsaveopt"
      ],
      "generation": 0,
      "parents": [
       "skylake",
       "x86_64_v4"
      ]
     }
    },
    "compiler": {
     "name": "gcc",
     "version": "8.3.1"
    },
    "namespace": "builtin",
    "parameters": {
     "cflags": [],
     "cppflags": [],
     "cxxflags": [],
     "fflags": [],
     "ldflags": [],
     "ldlibs": []
    },
    "dependencies": {
     "readline": {
      "hash": "kmy2ydujpga42iazutubfbx7q437gn6v",
      "type": [
       "build",
       "link"
      ]
     }
    },
    "hash": "4vrdhiobkbjhcq4dnqq2yoj4o5i2iph7"
   }
  },
  "kmy2ydujpga42iazutubfbx7q437gn6v": {
   "readline": {
    "version": "8.1",
    "arch": {
     "platform": "linux",
     "platform_os": "rhel7",
     "target": {
      "name": "skylake_avx512",
      "vendor": "GenuineIntel",
      "features": [
       "adx",
       "aes",
       "avx",
       "avx2",
       "avx512bw",
       "avx512cd",
       "avx512dq",
       "avx512f",
       "avx512vl",
       "bmi1",
       "bmi2",
       "clflushopt",
       "clwb",
       "f16c",
       "fma",
       "mmx",
       "movbe",
       "pclmulqdq",
       "popcnt",
       "rdrand",
       "rdseed",
       "sse",
       "sse2",
       "sse4_1",
       "sse4_2",
       "ssse3",
       "xsavec",
       "xsaveopt"
      ],
      "generation": 0,
      "parents": [
       "skylake",
       "x86_64_v4"
      ]
     }
    },
    "compiler": {
     "name": "gcc",
     "version": "8.3.1"
    },
    "namespace": "builtin",
    "parameters": {
     "cflags": [],
     "cppflags": [],
     "cxxflags": [],
     "fflags": [],
     "ldflags": [],
     "ldlibs": []
    },
    "dependencies": {
     "ncurses": {
      "hash": "247kiwxambduq77qm5dwnxnu5rokcyfk",
      "type": [
       "build",
       "link"
      ]
     }
    },
    "hash": "53ilesvvtmasbvnljb5aehvl5ufjew7l"
   }
  },
  "kzsxhofutmdsd6msbno6do7ewdrzod6z": {
   "zlib": {
    "version": "1.2.11",
    "arch": {
     "platform": "linux",
     "platform_os": "rhel7",
     "target": {
      "name": "skylake_avx512",
      "vendor": "GenuineIntel",
      "features": [
       "adx",
       "aes",
       "avx",
       "avx2",
       "avx512bw",
       "avx512cd",
       "avx512dq",
       "avx512f",
       "avx512vl",
       "bmi1",
       "bmi2",
       "clflushopt",
       "clwb",
       "f16c",
       "fma",
       "mmx",
       "movbe",
       "pclmulqdq",
       "popcnt",
       "rdrand",
       "rdseed",
       "sse",
       "sse2",
       "sse4_1",
       "sse4_2",
       "ssse3",
       "xsavec",
       "xsaveopt"
      ],
      "generation": 0,
      "parents": [
       "skylake",
       "x86_64_v4"
      ]
     }
    },
    "compiler": {
     "name": "gcc",
     "version": "8.3.1"
    },
    "namespace": "builtin",
    "parameters": {
     "optimize": true,
     "pic": true,
     "shared": true,
     "cflags": [],
     "cppflags": [],
     "cxxflags": [],
     "fflags": [],
     "ldflags": [],
     "ldlibs": []
    },
    "hash": "kzsxhofutmdsd6msbno6do7ewdrzod6z"
   }
  },
  "ofq6wmbknkvlqekwxq3nwi6mrtzypw4o": {
   "mochi-thallium": {
    "version": "0.8.5",
    "arch": {
     "platform": "linux",
     "platform_os": "rhel7",
     "target": {
      "name": "skylake_avx512",
      "vendor": "GenuineIntel",
      "features": [
       "adx",
       "aes",
       "avx",
       "avx2",
       "avx512bw",
       "avx512cd",
       "avx512dq",
       "avx512f",
       "avx512vl",
       "bmi1",
       "bmi2",
       "clflushopt",
       "clwb",
       "f16c",
       "fma",
       "mmx",
       "movbe",
       "pclmulqdq",
       "popcnt",
       "rdrand",
       "rdseed",
       "sse",
       "sse2",
       "sse4_1",
       "sse4_2",
       "ssse3",
       "xsavec",
       "xsaveopt"
      ],
      "generation": 0,
      "parents": [
       "skylake",
       "x86_64_v4"
      ]
     }
    },
    "compiler": {
     "name": "gcc",
     "version": "8.3.1"
    },
    "namespace": "mochi",
    "parameters": {
     "build_type": "RelWithDebInfo",
     "cereal": true,
     "ipo": false,
     "cflags": [],
     "cppflags": [],
     "cxxflags": [],
     "fflags": [],
     "ldflags": [],
     "ldlibs": []
    },
    "dependencies": {
     "cereal": {
      "hash": "bukq5wyyy2tcqrtrnvvfaikn2kb5x25a",
      "type": [
       "build",
       "link"
      ]
     },
     "cmake": {
      "hash": "weqbax2ccjcclucga6dcj6bkxtby6c5z",
      "type": [
       "build"
      ]
     },
     "mochi-margo": {
      "hash": "33wajw357iy5vh6epmph4dc4invaxqjg",
      "type": [
       "build",
       "link"
      ]
     },
     "pkg-config": {
      "hash": "uzd3bzdb6753byphwzm2qbr7fjdi2fs7",
      "type": [
       "build"
      ]
     }
    },
    "hash": "s2t2k6fdjz3irmvn4s53vvdar2yuh7ui"
   }
  },
  "bukq5wyyy2tcqrtrnvvfaikn2kb5x25a": {
   "cereal": {
    "version": "1.3.0",
    "arch": {
     "platform": "linux",
     "platform_os": "rhel7",
     "target": {
      "name": "skylake_avx512",
      "vendor": "GenuineIntel",
      "features": [
       "adx",
       "aes",
       "avx",
       "avx2",
       "avx512bw",
       "avx512cd",
       "avx512dq",
       "avx512f",
       "avx512vl",
       "bmi1",
       "bmi2",
       "clflushopt",
       "clwb",
       "f16c",
       "fma",
       "mmx",
       "movbe",
       "pclmulqdq",
       "popcnt",
       "rdrand",
       "rdseed",
       "sse",
       "sse2",
       "sse4_1",
       "sse4_2",
       "ssse3",
       "xsavec",
       "xsaveopt"
      ],
      "generation": 0,
      "parents": [
       "skylake",
       "x86_64_v4"
      ]
     }
    },
    "compiler": {
     "name": "gcc",
     "version": "8.3.1"
    },
    "namespace": "builtin",
    "parameters": {
     "build_type": "RelWithDebInfo",
     "ipo": false,
     "patches": [
      "27c9b597010237598d72a7cb08df40d15338d5039e2b59cee30299ba51db5eaf",
      "2dfa0bff9816d0ebd8a1bcc70ced4483b3cda83a982ea5027f1aaadceaa15aac",
      "720265382f29b744488d67e8df5000f2ca1b4dceb2018835fb5dc7a3a1c23f75",
      "91f968e9ac3964e1a689a9ad379ab16f7803ac3d34d24f87ebcaecaa3f9a2f16"
     ],
     "cflags": [],
     "cppflags": [],
     "cxxflags": [],
     "fflags": [],
     "ldflags": [],
     "ldlibs": []
    },
    "patches": [
     "720265382f29b744488d67e8df5000f2ca1b4dceb2018835fb5dc7a3a1c23f75",
     "91f968e9ac3964e1a689a9ad379ab16f7803ac3d34d24f87ebcaecaa3f9a2f16",
     "2dfa0bff9816d0ebd8a1bcc70ced4483b3cda83a982ea5027f1aaadceaa15aac",
     "27c9b597010237598d72a7cb08df40d15338d5039e2b59cee30299ba51db5eaf"
    ],
    "dependencies": {
     "cmake": {
      "hash": "weqbax2ccjcclucga6dcj6bkxtby6c5z",
      "type": [
       "build"
      ]
     }
    },
    "hash": "7pldlo6wwyi2q7wmscj2n6yhlbt3tv3h"
   }
  },
  "33wajw357iy5vh6epmph4dc4invaxqjg": {
   "mochi-margo": {
    "version": "0.9.4",
    "arch": {
     "platform": "linux",
     "platform_os": "rhel7",
     "target": {
      "name": "skylake_avx512",
      "vendor": "GenuineIntel",
      "features": [
       "adx",
       "aes",
       "avx",
       "avx2",
       "avx512bw",
       "avx512cd",
       "avx512dq",
       "avx512f",
       "avx512vl",
       "bmi1",
       "bmi2",
       "clflushopt",
       "clwb",
       "f16c",
       "fma",
       "mmx",
       "movbe",
       "pclmulqdq",
       "popcnt",
       "rdrand",
       "rdseed",
       "sse",
       "sse2",
       "sse4_1",
       "sse4_2",
       "ssse3",
       "xsavec",
       "xsaveopt"
      ],
      "generation": 0,
      "parents": [
       "skylake",
       "x86_64_v4"
      ]
     }
    },
    "compiler": {
     "name": "gcc",
     "version": "8.3.1"
    },
    "namespace": "mochi",
    "parameters": {
     "cflags": [],
     "cppflags": [],
     "cxxflags": [],
     "fflags": [],
     "ldflags": [],
     "ldlibs": []
    },
    "dependencies": {
     "argobots": {
      "hash": "cxbxbgoejstabehogwogzvjszosjnkyj",
      "type": [
       "build",
       "link"
      ]
     },
     "autoconf": {
      "hash": "qcfst4svkr2xmpliexsjokyckdhcw3zd",
      "type": [
       "build"
      ]
     },
     "automake": {
      "hash": "5aj4cbxwkunwamh23qs2wcv33n4wyoph",
      "type": [
       "build"
      ]
     },
     "json-c": {
      "hash": "bqlzcwwrs43jwjixgwfcymmvtnxd5ilq",
      "type": [
       "build",
       "link"
      ]
     },
     "libtool": {
      "hash": "thtq2pdxmr4jb3ke4hqqe456qp76aqu3",
      "type": [
       "build"
      ]
     },
     "m4": {
      "hash": "76x67tgz6q5sbnqgnku44xc26pr6srcr",
      "type": [
       "build"
      ]
     },
     "mercury": {
      "hash": "66jqmhdum3f632ban6kyq33a2xapmnah",
      "type": [
       "build",
       "link",
       "run"
      ]
     },
     "pkg-config": {
      "hash": "uzd3bzdb6753byphwzm2qbr7fjdi2fs7",
      "type": [
       "build"
      ]
     }
    },
    "hash": "ot3iss3k5itr7eevrunjrpduw2lvaf3r"
   }
  },
  "cxbxbgoejstabehogwogzvjszosjnkyj": {
   "argobots": {
    "version": "1.1",
    "arch": {
     "platform": "linux",
     "platform_os": "rhel7",
     "target": {
      "name": "skylake_avx512",
      "vendor": "GenuineIntel",
      "features": [
       "adx",
       "aes",
       "avx",
       "avx2",
       "avx512bw",
       "avx512cd",
       "avx512dq",
       "avx512f",
       "avx512vl",
       "bmi1",
       "bmi2",
       "clflushopt",
       "clwb",
       "f16c",
       "fma",
       "mmx",
       "movbe",
       "pclmulqdq",
       "popcnt",
       "rdrand",
       "rdseed",
       "sse",
       "sse2",
       "sse4_1",
       "sse4_2",
       "ssse3",
       "xsavec",
       "xsaveopt"
      ],
      "generation": 0,
      "parents": [
       "skylake",
       "x86_64_v4"
      ]
     }
    },
    "compiler": {
     "name": "gcc",
     "version": "8.3.1"
    },
    "namespace": "mochi",
    "parameters": {
     "affinity": false,
     "debug": false,
     "perf": true,
     "stackguard": "none",
     "stackunwind": false,
     "tool": false,
     "valgrind": false,
     "cflags": [],
     "cppflags": [],
     "cxxflags": [],
     "fflags": [],
     "ldflags": [],
     "ldlibs": []
    },
    "hash": "cxbxbgoejstabehogwogzvjszosjnkyj"
   }
  },
  "qcfst4svkr2xmpliexsjokyckdhcw3zd": {
   "autoconf": {
    "version": "2.69",
    "arch": {
     "platform": "linux",
     "platform_os": "rhel7",
     "target": {
      "name": "skylake_avx512",
      "vendor": "GenuineIntel",
      "features": [
       "adx",
       "aes",
       "avx",
       "avx2",
       "avx512bw",
       "avx512cd",
       "avx512dq",
       "avx512f",
       "avx512vl",
       "bmi1",
       "bmi2",
       "clflushopt",
       "clwb",
       "f16c",
       "fma",
       "mmx",
       "movbe",
       "pclmulqdq",
       "popcnt",
       "rdrand",
       "rdseed",
       "sse",
       "sse2",
       "sse4_1",
       "sse4_2",
       "ssse3",
       "xsavec",
       "xsaveopt"
      ],
      "generation": 0,
      "parents": [
       "skylake",
       "x86_64_v4"
      ]
     }
    },
    "compiler": {
     "name": "gcc",
     "version": "8.3.1"
    },
    "namespace": "builtin",
    "parameters": {
     "cflags": [],
     "cppflags": [],
     "cxxflags": [],
     "fflags": [],
     "ldflags": [],
     "ldlibs": []
    },
    "dependencies": {
     "m4": {
      "hash": "76x67tgz6q5sbnqgnku44xc26pr6srcr",
      "type": [
       "build",
       "run"
      ]
     },
     "perl": {
      "hash": "lcqteyzdbel2vpfvuqft6sspimgn5cju",
      "type": [
       "build",
       "run"
      ]
     }
    },
    "hash": "hfh55b537nyuwphn6x3sdivvzotr7ca3"
   }
  },
  "76x67tgz6q5sbnqgnku44xc26pr6srcr": {
   "m4": {
    "version": "1.4.19",
    "arch": {
     "platform": "linux",
     "platform_os": "rhel7",
     "target": {
      "name": "skylake_avx512",
      "vendor": "GenuineIntel",
      "features": [
       "adx",
       "aes",
       "avx",
       "avx2",
       "avx512bw",
       "avx512cd",
       "avx512dq",
       "avx512f",
       "avx512vl",
       "bmi1",
       "bmi2",
       "clflushopt",
       "clwb",
       "f16c",
       "fma",
       "mmx",
       "movbe",
       "pclmulqdq",
       "popcnt",
       "rdrand",
       "rdseed",
       "sse",
       "sse2",
       "sse4_1",
       "sse4_2",
       "ssse3",
       "xsavec",
       "xsaveopt"
      ],
      "generation": 0,
      "parents": [
       "skylake",
       "x86_64_v4"
      ]
     }
    },
    "compiler": {
     "name": "gcc",
     "version": "8.3.1"
    },
    "namespace": "builtin",
    "parameters": {
     "sigsegv": true,
     "cflags": [],
     "cppflags": [],
     "cxxflags": [],
     "fflags": [],
     "ldflags": [],
     "ldlibs": []
    },
    "dependencies": {
     "libsigsegv": {
      "hash": "paj4ldbicw4bfxb6nzy2ey4frky2vly2",
      "type": [
       "build",
       "link"
      ]
     }
    },
    "hash": "76x67tgz6q5sbnqgnku44xc26pr6srcr"
   }
  },
  "paj4ldbicw4bfxb6nzy2ey4frky2vly2": {
   "libsigsegv": {
    "version": "2.13",
    "arch": {
     "platform": "linux",
     "platform_os": "rhel7",
     "target": {
      "name": "skylake_avx512",
      "vendor": "GenuineIntel",
      "features": [
       "adx",
       "aes",
       "avx",
       "avx2",
       "avx512bw",
       "avx512cd",
       "avx512dq",
       "avx512f",
       "avx512vl",
       "bmi1",
       "bmi2",
       "clflushopt",
       "clwb",
       "f16c",
       "fma",
       "mmx",
       "movbe",
       "pclmulqdq",
       "popcnt",
       "rdrand",
       "rdseed",
       "sse",
       "sse2",
       "sse4_1",
       "sse4_2",
       "ssse3",
       "xsavec",
       "xsaveopt"
      ],
      "generation": 0,
      "parents": [
       "skylake",
       "x86_64_v4"
      ]
     }
    },
    "compiler": {
     "name": "gcc",
     "version": "8.3.1"
    },
    "namespace": "builtin",
    "parameters": {
     "cflags": [],
     "cppflags": [],
     "cxxflags": [],
     "fflags": [],
     "ldflags": [],
     "ldlibs": []
    },
    "hash": "paj4ldbicw4bfxb6nzy2ey4frky2vly2"
   }
  },
  "5aj4cbxwkunwamh23qs2wcv33n4wyoph": {
   "automake": {
    "version": "1.16.3",
    "arch": {
     "platform": "linux",
     "platform_os": "rhel7",
     "target": {
      "name": "skylake_avx512",
      "vendor": "GenuineIntel",
      "features": [
       "adx",
       "aes",
       "avx",
       "avx2",
       "avx512bw",
       "avx512cd",
       "avx512dq",
       "avx512f",
       "avx512vl",
       "bmi1",
       "bmi2",
       "clflushopt",
       "clwb",
       "f16c",
       "fma",
       "mmx",
       "movbe",
       "pclmulqdq",
       "popcnt",
       "rdrand",
       "rdseed",
       "sse",
       "sse2",
       "sse4_1",
       "sse4_2",
       "ssse3",
       "xsavec",
       "xsaveopt"
      ],
      "generation": 0,
      "parents": [
       "skylake",
       "x86_64_v4"
      ]
     }
    },
    "compiler": {
     "name": "gcc",
     "version": "8.3.1"
    },
    "namespace": "builtin",
    "parameters": {
     "cflags": [],
     "cppflags": [],
     "cxxflags": [],
     "fflags": [],
     "ldflags": [],
     "ldlibs": []
    },
    "dependencies": {
     "autoconf": {
      "hash": "qcfst4svkr2xmpliexsjokyckdhcw3zd",
      "type": [
       "build"
      ]
     },
     "perl": {
      "hash": "lcqteyzdbel2vpfvuqft6sspimgn5cju",
      "type": [
       "build",
       "run"
      ]
     }
    },
    "hash": "l6a3joftac3mdfkalrc22z734vrsumrz"
   }
  },
  "bqlzcwwrs43jwjixgwfcymmvtnxd5ilq": {
   "json-c": {
    "version": "0.15",
    "arch": {
     "platform": "linux",
     "platform_os": "rhel7",
     "target": {
      "name": "skylake_avx512",
      "vendor": "GenuineIntel",
      "features": [
       "adx",
       "aes",
       "avx",
       "avx2",
       "avx512bw",
       "avx512cd",
       "avx512dq",
       "avx512f",
       "avx512vl",
       "bmi1",
       "bmi2",
       "clflushopt",
       "clwb",
       "f16c",
       "fma",
       "mmx",
       "movbe",
       "pclmulqdq",
       "popcnt",
       "rdrand",
       "rdseed",
       "sse",
       "sse2",
       "sse4_1",
       "sse4_2",
       "ssse3",
       "xsavec",
       "xsaveopt"
      ],
      "generation": 0,
      "parents": [
       "skylake",
       "x86_64_v4"
      ]
     }
    },
    "compiler": {
     "name": "gcc",
     "version": "8.3.1"
    },
    "namespace": "builtin",
    "parameters": {
     "build_type": "RelWithDebInfo",
     "ipo": false,
     "cflags": [],
     "cppflags": [],
     "cxxflags": [],
     "fflags": [],
     "ldflags": [],
     "ldlibs": []
    },
    "dependencies": {
     "cmake": {
      "hash": "weqbax2ccjcclucga6dcj6bkxtby6c5z",
      "type": [
       "build"
      ]
     }
    },
    "hash": "mdcauwwlx3w2el5vmp62ofqpbjyazps3"
   }
  },
  "thtq2pdxmr4jb3ke4hqqe456qp76aqu3": {
   "libtool": {
    "version": "2.4.6",
    "arch": {
     "platform": "linux",
     "platform_os": "rhel7",
     "target": {
      "name": "skylake_avx512",
      "vendor": "GenuineIntel",
      "features": [
       "adx",
       "aes",
       "avx",
       "avx2",
       "avx512bw",
       "avx512cd",
       "avx512dq",
       "avx512f",
       "avx512vl",
       "bmi1",
       "bmi2",
       "clflushopt",
       "clwb",
       "f16c",
       "fma",
       "mmx",
       "movbe",
       "pclmulqdq",
       "popcnt",
       "rdrand",
       "rdseed",
       "sse",
       "sse2",
       "sse4_1",
       "sse4_2",
       "ssse3",
       "xsavec",
       "xsaveopt"
      ],
      "generation": 0,
      "parents": [
       "skylake",
       "x86_64_v4"
      ]
     }
    },
    "compiler": {
     "name": "gcc",
     "version": "8.3.1"
    },
    "namespace": "builtin",
    "parameters": {
     "cflags": [],
     "cppflags": [],
     "cxxflags": [],
     "fflags": [],
     "ldflags": [],
     "ldlibs": []
    },
    "dependencies": {
     "m4": {
      "hash": "76x67tgz6q5sbnqgnku44xc26pr6srcr",
      "type": [
       "build"
      ]
     }
    },
    "hash": "l4gf4e6sooc3txgcshkkbt2fdfrqlje3"
   }
  },
  "fhdmwvppujkmfkieij6gdl62b6jhlx34": {
   "cxxopts": {
    "version": "2.2.0",
    "arch": {
     "platform": "linux",
     "platform_os": "rhel7",
     "target": {
      "name": "skylake_avx512",
      "vendor": "GenuineIntel",
      "features": [
       "adx",
       "aes",
       "avx",
       "avx2",
       "avx512bw",
       "avx512cd",
       "avx512dq",
       "avx512f",
       "avx512vl",
       "bmi1",
       "bmi2",
       "clflushopt",
       "clwb",
       "f16c",
       "fma",
       "mmx",
       "movbe",
       "pclmulqdq",
       "popcnt",
       "rdrand",
       "rdseed",
       "sse",
       "sse2",
       "sse4_1",
       "sse4_2",
       "ssse3",
       "xsavec",
       "xsaveopt"
      ],
      "generation": 0,
      "parents": [
       "skylake",
       "x86_64_v4"
      ]
     }
    },
    "compiler": {
     "name": "gcc",
     "version": "8.3.1"
    },
    "namespace": "builtin",
    "parameters": {
     "build_type": "RelWithDebInfo",
     "ipo": false,
     "unicode": false,
     "cflags": [],
     "cppflags": [],
     "cxxflags": [],
     "fflags": [],
     "ldflags": [],
     "ldlibs": []
    },
    "dependencies": {
     "cmake": {
      "hash": "weqbax2ccjcclucga6dcj6bkxtby6c5z",
      "type": [
       "build"
      ]
     }
    },
    "hash": "fhjkhhaevechnbv4u2cdrd3esgppq6if"
   }
  },
  "wvzpibr7t6zjlsacevw5jivdzn5fda2c": {
   "fmt": {
    "version": "7.1.3",
    "arch": {
     "platform": "linux",
     "platform_os": "rhel7",
     "target": {
      "name": "skylake_avx512",
      "vendor": "GenuineIntel",
      "features": [
       "adx",
       "aes",
       "avx",
       "avx2",
       "avx512bw",
       "avx512cd",
       "avx512dq",
       "avx512f",
       "avx512vl",
       "bmi1",
       "bmi2",
       "clflushopt",
       "clwb",
       "f16c",
       "fma",
       "mmx",
       "movbe",
       "pclmulqdq",
       "popcnt",
       "rdrand",
       "rdseed",
       "sse",
       "sse2",
       "sse4_1",
       "sse4_2",
       "ssse3",
       "xsavec",
       "xsaveopt"
      ],
      "generation": 0,
      "parents": [
       "skylake",
       "x86_64_v4"
      ]
     }
    },
    "compiler": {
     "name": "gcc",
     "version": "8.3.1"
    },
    "namespace": "builtin",
    "parameters": {
     "build_type": "RelWithDebInfo",
     "cxxstd": "11",
     "ipo": false,
     "pic": true,
     "cflags": [],
     "cppflags": [],
     "cxxflags": [],
     "fflags": [],
     "ldflags": [],
     "ldlibs": []
    },
    "dependencies": {
     "cmake": {
      "hash": "weqbax2ccjcclucga6dcj6bkxtby6c5z",
      "type": [
       "build"
      ]
     }
    },
    "hash": "dw3elzk3fp3yide52kx5gztvq6ixq6rj"
   }
  },
  "qi4igokad62hvi32j44b4drn65al5yzm": {
   "pmdk": {
    "version": "master",
    "arch": {
     "platform": "linux",
     "platform_os": "rhel7",
     "target": {
      "name": "skylake_avx512",
      "vendor": "GenuineIntel",
      "features": [
       "adx",
       "aes",
       "avx",
       "avx2",
       "avx512bw",
       "avx512cd",
       "avx512dq",
       "avx512f",
       "avx512vl",
       "bmi1",
       "bmi2",
       "clflushopt",
       "clwb",
       "f16c",
       "fma",
       "mmx",
       "movbe",
       "pclmulqdq",
       "popcnt",
       "rdrand",
       "rdseed",
       "sse",
       "sse2",
       "sse4_1",
       "sse4_2",
       "ssse3",
       "xsavec",
       "xsaveopt"
      ],
      "generation": 0,
      "parents": [
       "skylake",
       "x86_64_v4"
      ]
     }
    },
    "compiler": {
     "name": "gcc",
     "version": "8.3.1"
    },
    "namespace": "builtin",
    "parameters": {
     "doc": false,
     "experimental": false,
     "ndctl": false,
     "rpmem": true,
     "cflags": [],
     "cppflags": [],
     "cxxflags": [],
     "fflags": [],
     "ldflags": [],
     "ldlibs": []
    },
    "dependencies": {
     "libfabric": {
      "hash": "4kxpjkqjghlkgkyetm2jvzxdm2se5qvp",
      "type": [
       "build",
       "link"
      ]
     },
     "ncurses": {
      "hash": "247kiwxambduq77qm5dwnxnu5rokcyfk",
      "type": [
       "build",
       "link"
      ]
     }
    },
    "hash": "vnbv76sbcw43zwxqykw4d42md5zlh66z"
   }
  },
  "5752in2zt5mp453xh4y43qz57t2m5w5v": {
   "libpmemobj-cpp": {
    "version": "1.12",
    "arch": {
     "platform": "linux",
     "platform_os": "rhel7",
     "target": {
      "name": "skylake_avx512",
      "vendor": "GenuineIntel",
      "features": [
       "adx",
       "aes",
       "avx",
       "avx2",
       "avx512bw",
       "avx512cd",
       "avx512dq",
       "avx512f",
       "avx512vl",
       "bmi1",
       "bmi2",
       "clflushopt",
       "clwb",
       "f16c",
       "fma",
       "mmx",
       "movbe",
       "pclmulqdq",
       "popcnt",
       "rdrand",
       "rdseed",
       "sse",
       "sse2",
       "sse4_1",
       "sse4_2",
       "ssse3",
       "xsavec",
       "xsaveopt"
      ],
      "generation": 0,
      "parents": [
       "skylake",
       "x86_64_v4"
      ]
     }
    },
    "compiler": {
     "name": "gcc",
     "version": "8.3.1"
    },
    "namespace": "dev",
    "parameters": {
     "build_type": "Release",
     "ipo": false,
     "cflags": [],
     "cppflags": [],
     "cxxflags": [],
     "fflags": [],
     "ldflags": [],
     "ldlibs": []
    },
    "dependencies": {
     "cmake": {
      "hash": "weqbax2ccjcclucga6dcj6bkxtby6c5z",
      "type": [
       "build"
      ]
     },
     "pmdk": {
      "hash": "qi4igokad62hvi32j44b4drn65al5yzm",
      "type": [
       "build",
       "link"
      ]
     }
    },
    "hash": "yukueuy4tynek55mzbdqcthzags45tn6"
   }
  },
  "dt3vwjdmfmonl4m2idkstppcilxpbfxk": {
   "pmemkv": {
    "version": "1.4",
    "arch": {
     "platform": "linux",
     "platform_os": "rhel7",
     "target": {
      "name": "skylake_avx512",
      "vendor": "GenuineIntel",
      "features": [
       "adx",
       "aes",
       "avx",
       "avx2",
       "avx512bw",
       "avx512cd",
       "avx512dq",
       "avx512f",
       "avx512vl",
       "bmi1",
       "bmi2",
       "clflushopt",
       "clwb",
       "f16c",
       "fma",
       "mmx",
       "movbe",
       "pclmulqdq",
       "popcnt",
       "rdrand",
       "rdseed",
       "sse",
       "sse2",
       "sse4_1",
       "sse4_2",
       "ssse3",
       "xsavec",
       "xsaveopt"
      ],
      "generation": 0,
      "parents": [
       "skylake",
       "x86_64_v4"
      ]
     }
    },
    "compiler": {
     "name": "gcc",
     "version": "8.3.1"
    },
    "namespace": "dev",
    "parameters": {
     "build_type": "RelWithDebInfo",
     "cmap": true,
     "csmap": true,
     "dram_vcmap": false,
     "ipo": false,
     "radix": false,
     "robinhood": false,
     "stree": true,
     "tree3": false,
     "vcmap": true,
     "vsmap": true,
     "cflags": [],
     "cppflags": [],
     "cxxflags": [],
     "fflags": [],
     "ldflags": [],
     "ldlibs": []
    },
    "dependencies": {
     "cmake": {
      "hash": "weqbax2ccjcclucga6dcj6bkxtby6c5z",
      "type": [
       "build",
       "link"
      ]
     },
     "intel-tbb": {
      "hash": "4lazswaitwpv4rgoca4tr74glll5nuhg",
      "type": [
       "build",
       "link"
      ]
     },
     "libpmemobj-cpp": {
      "hash": "5752in2zt5mp453xh4y43qz57t2m5w5v",
      "type": [
       "build",
       "link"
      ]
     },
     "memkind": {
      "hash": "6oh34gyl2iyvd5pu2azd3t2h4wkrfikj",
      "type": [
       "build",
       "link"
      ]
     },
     "pmdk": {
      "hash": "qi4igokad62hvi32j44b4drn65al5yzm",
      "type": [
       "build",
       "link"
      ]
     },
     "rapidjson": {
      "hash": "sdu5swuvgoiehvwglv5pm6ot5ai5wwim",
      "type": [
       "build",
       "link"
      ]
     }
    },
    "hash": "pa3s4nfx246cttoghypzycuana54c46f"
   }
  },
  "4lazswaitwpv4rgoca4tr74glll5nuhg": {
   "intel-tbb": {
    "version": "2020.3",
    "arch": {
     "platform": "linux",
     "platform_os": "rhel7",
     "target": {
      "name": "skylake_avx512",
      "vendor": "GenuineIntel",
      "features": [
       "adx",
       "aes",
       "avx",
       "avx2",
       "avx512bw",
       "avx512cd",
       "avx512dq",
       "avx512f",
       "avx512vl",
       "bmi1",
       "bmi2",
       "clflushopt",
       "clwb",
       "f16c",
       "fma",
       "mmx",
       "movbe",
       "pclmulqdq",
       "popcnt",
       "rdrand",
       "rdseed",
       "sse",
       "sse2",
       "sse4_1",
       "sse4_2",
       "ssse3",
       "xsavec",
       "xsaveopt"
      ],
      "generation": 0,
      "parents": [
       "skylake",
       "x86_64_v4"
      ]
     }
    },
    "compiler": {
     "name": "gcc",
     "version": "8.3.1"
    },
    "namespace": "builtin",
    "parameters": {
     "cxxstd": "default",
     "patches": [
      "62ba015ebd1819c45bef47411540b789b493e31ca668c4ff4cb2afcbc306b476",
      "ce1fb16fb932ce86a82ca87cf0431d1a8c83652af9f552b264213b2ff2945d73",
      "d62cb666de4010998c339cde6f41c7623a07e9fc69e498f2e149821c0c2c6dd0"
     ],
     "shared": true,
     "tm": true,
     "cflags": [],
     "cppflags": [],
     "cxxflags": [],
     "fflags": [],
     "ldflags": [],
     "ldlibs": []
    },
    "patches": [
     "ce1fb16fb932ce86a82ca87cf0431d1a8c83652af9f552b264213b2ff2945d73",
     "62ba015ebd1819c45bef47411540b789b493e31ca668c4ff4cb2afcbc306b476",
     "d62cb666de4010998c339cde6f41c7623a07e9fc69e498f2e149821c0c2c6dd0"
    ],
    "dependencies": {
     "cmake": {
      "hash": "weqbax2ccjcclucga6dcj6bkxtby6c5z",
      "type": [
       "build"
      ]
     }
    },
    "hash": "pfx6sf57c7a4jpysgxdtiooevzrgi22g"
   }
  },
  "6oh34gyl2iyvd5pu2azd3t2h4wkrfikj": {
   "memkind": {
    "version": "1.10.1",
    "arch": {
     "platform": "linux",
     "platform_os": "rhel7",
     "target": {
      "name": "skylake_avx512",
      "vendor": "GenuineIntel",
      "features": [
       "adx",
       "aes",
       "avx",
       "avx2",
       "avx512bw",
       "avx512cd",
       "avx512dq",
       "avx512f",
       "avx512vl",
       "bmi1",
       "bmi2",
       "clflushopt",
       "clwb",
       "f16c",
       "fma",
       "mmx",
       "movbe",
       "pclmulqdq",
       "popcnt",
       "rdrand",
       "rdseed",
       "sse",
       "sse2",
       "sse4_1",
       "sse4_2",
       "ssse3",
       "xsavec",
       "xsaveopt"
      ],
      "generation": 0,
      "parents": [
       "skylake",
       "x86_64_v4"
      ]
     }
    },
    "compiler": {
     "name": "gcc",
     "version": "8.3.1"
    },
    "namespace": "builtin",
    "parameters": {
     "cflags": [],
     "cppflags": [],
     "cxxflags": [],
     "fflags": [],
     "ldflags": [],
     "ldlibs": []
    },
    "dependencies": {
     "autoconf": {
      "hash": "qcfst4svkr2xmpliexsjokyckdhcw3zd",
      "type": [
       "build"
      ]
     },
     "automake": {
      "hash": "5aj4cbxwkunwamh23qs2wcv33n4wyoph",
      "type": [
       "build"
      ]
     },
     "libtool": {
      "hash": "thtq2pdxmr4jb3ke4hqqe456qp76aqu3",
      "type": [
       "build"
      ]
     },
     "m4": {
      "hash": "76x67tgz6q5sbnqgnku44xc26pr6srcr",
      "type": [
       "build"
      ]
     },
     "numactl": {
      "hash": "vacfjhmvtvjw73yarljnvs6gvciwszgb",
      "type": [
       "build",
       "link"
      ]
     }
    },
    "hash": "zuptfrlaptznjj4vhk5flk3us57nas6p"
   }
  },
  "vacfjhmvtvjw73yarljnvs6gvciwszgb": {
   "numactl": {
    "version": "2.0.14",
    "arch": {
     "platform": "linux",
     "platform_os": "rhel7",
     "target": {
      "name": "skylake_avx512",
      "vendor": "GenuineIntel",
      "features": [
       "adx",
       "aes",
       "avx",
       "avx2",
       "avx512bw",
       "avx512cd",
       "avx512dq",
       "avx512f",
       "avx512vl",
       "bmi1",
       "bmi2",
       "clflushopt",
       "clwb",
       "f16c",
       "fma",
       "mmx",
       "movbe",
       "pclmulqdq",
       "popcnt",
       "rdrand",
       "rdseed",
       "sse",
       "sse2",
       "sse4_1",
       "sse4_2",
       "ssse3",
       "xsavec",
       "xsaveopt"
      ],
      "generation": 0,
      "parents": [
       "skylake",
       "x86_64_v4"
      ]
     }
    },
    "compiler": {
     "name": "gcc",
     "version": "8.3.1"
    },
    "namespace": "builtin",
    "parameters": {
     "patches": [
      "4e1d78cbbb85de625bad28705e748856033eaafab92a66dffd383a3d7e00cc94",
      "62fc8a8bf7665a60e8f4c93ebbd535647cebf74198f7afafec4c085a8825c006"
     ],
     "cflags": [],
     "cppflags": [],
     "cxxflags": [],
     "fflags": [],
     "ldflags": [],
     "ldlibs": []
    },
    "patches": [
     "4e1d78cbbb85de625bad28705e748856033eaafab92a66dffd383a3d7e00cc94",
     "62fc8a8bf7665a60e8f4c93ebbd535647cebf74198f7afafec4c085a8825c006"
    ],
    "dependencies": {
     "autoconf": {
      "hash": "qcfst4svkr2xmpliexsjokyckdhcw3zd",
      "type": [
       "build"
      ]
     },
     "automake": {
      "hash": "5aj4cbxwkunwamh23qs2wcv33n4wyoph",
      "type": [
       "build"
      ]
     },
     "libtool": {
      "hash": "thtq2pdxmr4jb3ke4hqqe456qp76aqu3",
      "type": [
       "build"
      ]
     },
     "m4": {
      "hash": "76x67tgz6q5sbnqgnku44xc26pr6srcr",
      "type": [
       "build"
      ]
     }
    },
    "hash": "e2bgiwyeqjgmimq2elmg2ozte7ymufnm"
   }
  },
  "sdu5swuvgoiehvwglv5pm6ot5ai5wwim": {
   "rapidjson": {
    "version": "1.1.0",
    "arch": {
     "platform": "linux",
     "platform_os": "rhel7",
     "target": {
      "name": "skylake_avx512",
      "vendor": "GenuineIntel",
      "features": [
       "adx",
       "aes",
       "avx",
       "avx2",
       "avx512bw",
       "avx512cd",
       "avx512dq",
       "avx512f",
       "avx512vl",
       "bmi1",
       "bmi2",
       "clflushopt",
       "clwb",
       "f16c",
       "fma",
       "mmx",
       "movbe",
       "pclmulqdq",
       "popcnt",
       "rdrand",
       "rdseed",
       "sse",
       "sse2",
       "sse4_1",
       "sse4_2",
       "ssse3",
       "xsavec",
       "xsaveopt"
      ],
      "generation": 0,
      "parents": [
       "skylake",
       "x86_64_v4"
      ]
     }
    },
    "compiler": {
     "name": "gcc",
     "version": "8.3.1"
    },
    "namespace": "builtin",
    "parameters": {
     "build_type": "RelWithDebInfo",
     "ipo": false,
     "patches": [
      "f7b0c2693df6ec6abf0a14b2fa162b69a1a67f60ec843fcd99f7b30842553fb5"
     ],
     "cflags": [],
     "cppflags": [],
     "cxxflags": [],
     "fflags": [],
     "ldflags": [],
     "ldlibs": []
    },
    "patches": [
     "f7b0c2693df6ec6abf0a14b2fa162b69a1a67f60ec843fcd99f7b30842553fb5"
    ],
    "dependencies": {
     "cmake": {
      "hash": "weqbax2ccjcclucga6dcj6bkxtby6c5z",
      "type": [
       "build"
      ]
     }
    },
    "hash": "pnhcumciarysmnaqy5u2rztjs2nb7psp"
   }
  },
  "6cb2tsfxdb4cvbbkqgsvn5mhhr3mcdsx": {
   "doctest": {
    "version": "2.4.6",
    "arch": {
     "platform": "linux",
     "platform_os": "rhel7",
     "target": {
      "name": "skylake_avx512",
      "vendor": "GenuineIntel",
      "features": [
       "adx",
       "aes",
       "avx",
       "avx2",
       "avx512bw",
       "avx512cd",
       "avx512dq",
       "avx512f",
       "avx512vl",
       "bmi1",
       "bmi2",
       "clflushopt",
       "clwb",
       "f16c",
       "fma",
       "mmx",
       "movbe",
       "pclmulqdq",
       "popcnt",
       "rdrand",
       "rdseed",
       "sse",
       "sse2",
       "sse4_1",
       "sse4_2",
       "ssse3",
       "xsavec",
       "xsaveopt"
      ],
      "generation": 0,
      "parents": [
       "skylake",
       "x86_64_v4"
      ]
     }
    },
    "compiler": {
     "name": "gcc",
     "version": "8.3.1"
    },
    "namespace": "dev",
    "parameters": {
     "build_type": "RelWithDebInfo",
     "ipo": false,
     "cflags": [],
     "cppflags": [],
     "cxxflags": [],
     "fflags": [],
     "ldflags": [],
     "ldlibs": []
    },
    "dependencies": {
     "cmake": {
      "hash": "weqbax2ccjcclucga6dcj6bkxtby6c5z",
      "type": [
       "build",
       "link"
      ]
     }
    },
    "hash": "qpc4oi7iykxmjx7boj5ewwax2vbdsd3z"
   }
  },
  "p5uonfjz6ufqnivskgap6yc6z7k43xmz": {
   "nlohmann-json": {
    "version": "3.9.1",
    "arch": {
     "platform": "linux",
     "platform_os": "rhel7",
     "target": {
      "name": "skylake_avx512",
      "vendor": "GenuineIntel",
      "features": [
       "adx",
       "aes",
       "avx",
       "avx2",
       "avx512bw",
       "avx512cd",
       "avx512dq",
       "avx512f",
       "avx512vl",
       "bmi1",
       "bmi2",
       "clflushopt",
       "clwb",
       "f16c",
       "fma",
       "mmx",
       "movbe",
       "pclmulqdq",
       "popcnt",
       "rdrand",
       "rdseed",
       "sse",
       "sse2",
       "sse4_1",
       "sse4_2",
       "ssse3",
       "xsavec",
       "xsaveopt"
      ],
      "generation": 0,
      "parents": [
       "skylake",
       "x86_64_v4"
      ]
     }
    },
    "compiler": {
     "name": "gcc",
     "version": "8.3.1"
    },
    "namespace": "builtin",
    "parameters": {
     "build_type": "RelWithDebInfo",
     "ipo": false,
     "single_header": true,
     "cflags": [],
     "cppflags": [],
     "cxxflags": [],
     "fflags": [],
     "ldflags": [],
     "ldlibs": []
    },
    "dependencies": {
     "cmake": {
      "hash": "weqbax2ccjcclucga6dcj6bkxtby6c5z",
      "type": [
       "build"
      ]
     }
    },
    "hash": "vjz7tzu4rlswaosh3lk3evqo6t3tov6i"
   }
  }
 }
}