{
 "_meta": {
  "file-type": "spack-lockfile",
  "lockfile-version": 2
 },
 "roots": [
  {
   "hash": "wgbnvnzdz6vplamefifsehza33jpmoi2",
   "spec": "py-cmake-format"
  },
  {
   "hash": "5texflgewp6qiwnzwvfc3lan5vpzttbm",
   "spec": "cxxopts"
  },
  {
   "hash": "jjvhry4pgpq4kxpqwciuiwwwri66fqss",
   "spec": "py-pyyaml"
  }
 ],
 "concrete_specs": {
  "wgbnvnzdz6vplamefifsehza33jpmoi2": {
   "py-cmake-format": {
    "version": "0.6.10",
    "arch": {
     "platform": "linux",
     "platform_os": "ubuntu20.04",
     "target": {
      "name": "skylake",
      "vendor": "GenuineIntel",
      "features": [
       "adx",
       "aes",
       "avx",
       "avx2",
       "bmi1",
       "bmi2",
       "clflushopt",
       "f16c",
       "fma",
       "mmx",
       "movbe",
       "pclmulqdq",
       "popcnt",
       "rdrand",
       "rdseed",
       "sse",
       "sse2",
       "sse4_1",
       "sse4_2",
       "ssse3",
       "xsavec",
       "xsaveopt"
      ],
      "generation": 0,
      "parents": [
       "broadwell"
      ]
     }
    },
    "compiler": {
     "name": "clang",
     "version": "10.0.0"
    },
    "namespace": "builtin",
    "parameters": {
     "cflags": [],
     "cppflags": [],
     "cxxflags": [],
     "fflags": [],
     "ldflags": [],
     "ldlibs": []
    },
    "dependencies": {
     "py-setuptools": {
      "hash": "knf2jilinezmvibjzzxjs5ltgjxnww6z",
      "type": [
       "build",
       "run"
      ]
     },
     "py-six": {
      "hash": "ghvxt3njb6zf4oikfpbe7jvnu2yyw6xt",
      "type": [
       "build",
       "run"
      ]
     },
     "python": {
      "hash": "2rxazl3gk5w4om3ejcwtqd325bqvtnxb",
      "type": [
       "build",
       "run"
      ]
     }
    },
    "hash": "3t3tgmupnizjknnbpqcnbeujgypil365"
   }
  },
  "knf2jilinezmvibjzzxjs5ltgjxnww6z": {
   "py-setuptools": {
    "version": "50.3.2",
    "arch": {
     "platform": "linux",
     "platform_os": "ubuntu20.04",
     "target": {
      "name": "skylake",
      "vendor": "GenuineIntel",
      "features": [
       "adx",
       "aes",
       "avx",
       "avx2",
       "bmi1",
       "bmi2",
       "clflushopt",
       "f16c",
       "fma",
       "mmx",
       "movbe",
       "pclmulqdq",
       "popcnt",
       "rdrand",
       "rdseed",
       "sse",
       "sse2",
       "sse4_1",
       "sse4_2",
       "ssse3",
       "xsavec",
       "xsaveopt"
      ],
      "generation": 0,
      "parents": [
       "broadwell"
      ]
     }
    },
    "compiler": {
     "name": "clang",
     "version": "10.0.0"
    },
    "namespace": "builtin",
    "parameters": {
     "cflags": [],
     "cppflags": [],
     "cxxflags": [],
     "fflags": [],
     "ldflags": [],
     "ldlibs": []
    },
    "dependencies": {
     "python": {
      "hash": "2rxazl3gk5w4om3ejcwtqd325bqvtnxb",
      "type": [
       "build",
       "run"
      ]
     }
    },
    "hash": "acheg4xjtbry6qlxuxwuooe5ywazgham"
   }
  },
  "2rxazl3gk5w4om3ejcwtqd325bqvtnxb": {
   "python": {
    "version": "3.8.8",
    "arch": {
     "platform": "linux",
     "platform_os": "ubuntu20.04",
     "target": {
      "name": "skylake",
      "vendor": "GenuineIntel",
      "features": [
       "adx",
       "aes",
       "avx",
       "avx2",
       "bmi1",
       "bmi2",
       "clflushopt",
       "f16c",
       "fma",
       "mmx",
       "movbe",
       "pclmulqdq",
       "popcnt",
       "rdrand",
       "rdseed",
       "sse",
       "sse2",
       "sse4_1",
       "sse4_2",
       "ssse3",
       "xsavec",
       "xsaveopt"
      ],
      "generation": 0,
      "parents": [
       "broadwell"
      ]
     }
    },
    "compiler": {
     "name": "clang",
     "version": "10.0.0"
    },
    "namespace": "builtin",
    "parameters": {
     "bz2": true,
     "ctypes": true,
     "dbm": true,
     "debug": false,
     "libxml2": true,
     "lzma": true,
     "nis": false,
     "optimizations": false,
     "patches": [
      "0d98e93189bc278fbc37a50ed7f183bd8aaf249a8e1670a465f0db6bb4f8cf87"
     ],
     "pic": true,
     "pyexpat": true,
     "pythoncmd": true,
     "readline": true,
     "shared": true,
     "sqlite3": true,
     "ssl": true,
     "tix": false,
     "tkinter": false,
     "ucs4": false,
     "uuid": true,
     "zlib": true,
     "cflags": [],
     "cppflags": [],
     "cxxflags": [],
     "fflags": [],
     "ldflags": [],
     "ldlibs": []
    },
    "patches": [
     "0d98e93189bc278fbc37a50ed7f183bd8aaf249a8e1670a465f0db6bb4f8cf87"
    ],
    "dependencies": {
     "bzip2": {
      "hash": "ewlworrutanougautwzdkome2fv3azoi",
      "type": [
       "build",
       "link"
      ]
     },
     "expat": {
      "hash": "tpbg2zmsmgidtbunldwixidhjekstexo",
      "type": [
       "build",
       "link"
      ]
     },
     "gdbm": {
      "hash": "jsaf32ww7fmyn2thl53gu3hjq3lsdldv",
      "type": [
       "build",
       "link"
      ]
     },
     "gettext": {
      "hash": "3ztiv22pbzxsm4uqsbszjeecybgdzpud",
      "type": [
       "build",
       "link"
      ]
     },
     "libffi": {
      "hash": "drhae6txkbfjp4xmfyiiziweptftcrtc",
      "type": [
       "build",
       "link"
      ]
     },
     "ncurses": {
      "hash": "taoujt3fr35t2dkm6k5rexo55vrjrzjt",
      "type": [
       "build",
       "link"
      ]
     },
     "openssl": {
      "hash": "6d6meflrtkc5cfd2anxxyecdjxdo4lwv",
      "type": [
       "build",
       "link"
      ]
     },
     "pkg-config": {
      "hash": "sdqw2w4likgs75yvuchonmlrtnid3l43",
      "type": [
       "build"
      ]
     },
     "readline": {
      "hash": "i5yuu3bz3fpoyqy4ejgh7db5bwx73c5o",
      "type": [
       "build",
       "link"
      ]
     },
     "sqlite": {
      "hash": "pkdm6fd2erfu4m2xlq66sbwcj56ksubt",
      "type": [
       "build",
       "link"
      ]
     },
     "util-linux-uuid": {
      "hash": "nw2geyo3vrbmvv725mm6afsvly2ppfvz",
      "type": [
       "build",
       "link"
      ]
     },
     "xz": {
      "hash": "qstprcrhafein3yfpr4rl3dtfz52bucf",
      "type": [
       "build",
       "link"
      ]
     },
     "zlib": {
      "hash": "twr5hwmickp6lovf2hnpu5wdhtfb6wby",
      "type": [
       "build",
       "link"
      ]
     }
    },
    "hash": "6vq6lf2vi5laswcim5lpacnn25sgp7vt"
   }
  },
  "ewlworrutanougautwzdkome2fv3azoi": {
   "bzip2": {
    "version": "1.0.8",
    "arch": {
     "platform": "linux",
     "platform_os": "ubuntu20.04",
     "target": {
      "name": "skylake",
      "vendor": "GenuineIntel",
      "features": [
       "adx",
       "aes",
       "avx",
       "avx2",
       "bmi1",
       "bmi2",
       "clflushopt",
       "f16c",
       "fma",
       "mmx",
       "movbe",
       "pclmulqdq",
       "popcnt",
       "rdrand",
       "rdseed",
       "sse",
       "sse2",
       "sse4_1",
       "sse4_2",
       "ssse3",
       "xsavec",
       "xsaveopt"
      ],
      "generation": 0,
      "parents": [
       "broadwell"
      ]
     }
    },
    "compiler": {
     "name": "clang",
     "version": "10.0.0"
    },
    "namespace": "builtin",
    "parameters": {
     "shared": true,
     "cflags": [],
     "cppflags": [],
     "cxxflags": [],
     "fflags": [],
     "ldflags": [],
     "ldlibs": []
    },
    "external": {
     "path": "/usr",
     "module": null,
     "extra_attributes": {}
    },
    "hash": "ewlworrutanougautwzdkome2fv3azoi"
   }
  },
  "tpbg2zmsmgidtbunldwixidhjekstexo": {
   "expat": {
    "version": "2.2.10",
    "arch": {
     "platform": "linux",
     "platform_os": "ubuntu20.04",
     "target": {
      "name": "skylake",
      "vendor": "GenuineIntel",
      "features": [
       "adx",
       "aes",
       "avx",
       "avx2",
       "bmi1",
       "bmi2",
       "clflushopt",
       "f16c",
       "fma",
       "mmx",
       "movbe",
       "pclmulqdq",
       "popcnt",
       "rdrand",
       "rdseed",
       "sse",
       "sse2",
       "sse4_1",
       "sse4_2",
       "ssse3",
       "xsavec",
       "xsaveopt"
      ],
      "generation": 0,
      "parents": [
       "broadwell"
      ]
     }
    },
    "compiler": {
     "name": "clang",
     "version": "10.0.0"
    },
    "namespace": "builtin",
    "parameters": {
     "libbsd": true,
     "cflags": [],
     "cppflags": [],
     "cxxflags": [],
     "fflags": [],
     "ldflags": [],
     "ldlibs": []
    },
    "dependencies": {
     "libbsd": {
      "hash": "qgvtvve3qjmhnblx7td4jcnelwcghgmk",
      "type": [
       "build",
       "link"
      ]
     }
    },
    "hash": "tpbg2zmsmgidtbunldwixidhjekstexo"
   }
  },
  "qgvtvve3qjmhnblx7td4jcnelwcghgmk": {
   "libbsd": {
    "version": "0.10.0",
    "arch": {
     "platform": "linux",
     "platform_os": "ubuntu20.04",
     "target": {
      "name": "skylake",
      "vendor": "GenuineIntel",
      "features": [
       "adx",
       "aes",
       "avx",
       "avx2",
       "bmi1",
       "bmi2",
       "clflushopt",
       "f16c",
       "fma",
       "mmx",
       "movbe",
       "pclmulqdq",
       "popcnt",
       "rdrand",
       "rdseed",
       "sse",
       "sse2",
       "sse4_1",
       "sse4_2",
       "ssse3",
       "xsavec",
       "xsaveopt"
      ],
      "generation": 0,
      "parents": [
       "broadwell"
      ]
     }
    },
    "compiler": {
     "name": "clang",
     "version": "10.0.0"
    },
    "namespace": "builtin",
    "parameters": {
     "cflags": [],
     "cppflags": [],
     "cxxflags": [],
     "fflags": [],
     "ldflags": [],
     "ldlibs": []
    },
    "hash": "qgvtvve3qjmhnblx7td4jcnelwcghgmk"
   }
  },
  "jsaf32ww7fmyn2thl53gu3hjq3lsdldv": {
   "gdbm": {
    "version": "1.19",
    "arch": {
     "platform": "linux",
     "platform_os": "ubuntu20.04",
     "target": {
      "name": "skylake",
      "vendor": "GenuineIntel",
      "features": [
       "adx",
       "aes",
       "avx",
       "avx2",
       "bmi1",
       "bmi2",
       "clflushopt",
       "f16c",
       "fma",
       "mmx",
       "movbe",
       "pclmulqdq",
       "popcnt",
       "rdrand",
       "rdseed",
       "sse",
       "sse2",
       "sse4_1",
       "sse4_2",
       "ssse3",
       "xsavec",
       "xsaveopt"
      ],
      "generation": 0,
      "parents": [
       "broadwell"
      ]
     }
    },
    "compiler": {
     "name": "clang",
     "version": "10.0.0"
    },
    "namespace": "builtin",
    "parameters": {
     "cflags": [],
     "cppflags": [],
     "cxxflags": [],
     "fflags": [],
     "ldflags": [],
     "ldlibs": []
    },
    "dependencies": {
     "readline": {
      "hash": "i5yuu3bz3fpoyqy4ejgh7db5bwx73c5o",
      "type": [
       "build",
       "link"
      ]
     }
    },
    "hash": "jsaf32ww7fmyn2thl53gu3hjq3lsdldv"
   }
  },
  "i5yuu3bz3fpoyqy4ejgh7db5bwx73c5o": {
   "readline": {
    "version": "8.1",
    "arch": {
     "platform": "linux",
     "platform_os": "ubuntu20.04",
     "target": {
      "name": "skylake",
      "vendor": "GenuineIntel",
      "features": [
       "adx",
       "aes",
       "avx",
       "avx2",
       "bmi1",
       "bmi2",
       "clflushopt",
       "f16c",
       "fma",
       "mmx",
       "movbe",
       "pclmulqdq",
       "popcnt",
       "rdrand",
       "rdseed",
       "sse",
       "sse2",
       "sse4_1",
       "sse4_2",
       "ssse3",
       "xsavec",
       "xsaveopt"
      ],
      "generation": 0,
      "parents": [
       "broadwell"
      ]
     }
    },
    "compiler": {
     "name": "clang",
     "version": "10.0.0"
    },
    "namespace": "builtin",
    "parameters": {
     "cflags": [],
     "cppflags": [],
     "cxxflags": [],
     "fflags": [],
     "ldflags": [],
     "ldlibs": []
    },
    "dependencies": {
     "ncurses": {
      "hash": "taoujt3fr35t2dkm6k5rexo55vrjrzjt",
      "type": [
       "build",
       "link"
      ]
     }
    },
    "hash": "i5yuu3bz3fpoyqy4ejgh7db5bwx73c5o"
   }
  },
  "taoujt3fr35t2dkm6k5rexo55vrjrzjt": {
   "ncurses": {
    "version": "6.2.20200212",
    "arch": {
     "platform": "linux",
     "platform_os": "ubuntu20.04",
     "target": {
      "name": "skylake",
      "vendor": "GenuineIntel",
      "features": [
       "adx",
       "aes",
       "avx",
       "avx2",
       "bmi1",
       "bmi2",
       "clflushopt",
       "f16c",
       "fma",
       "mmx",
       "movbe",
       "pclmulqdq",
       "popcnt",
       "rdrand",
       "rdseed",
       "sse",
       "sse2",
       "sse4_1",
       "sse4_2",
       "ssse3",
       "xsavec",
       "xsaveopt"
      ],
      "generation": 0,
      "parents": [
       "broadwell"
      ]
     }
    },
    "compiler": {
     "name": "clang",
     "version": "10.0.0"
    },
    "namespace": "builtin",
    "parameters": {
     "abi": "6",
     "symlinks": true,
     "termlib": true,
     "cflags": [],
     "cppflags": [],
     "cxxflags": [],
     "fflags": [],
     "ldflags": [],
     "ldlibs": []
    },
    "external": {
     "path": "/usr",
     "module": null,
     "extra_attributes": {}
    },
    "hash": "taoujt3fr35t2dkm6k5rexo55vrjrzjt"
   }
  },
  "3ztiv22pbzxsm4uqsbszjeecybgdzpud": {
   "gettext": {
    "version": "0.21",
    "arch": {
     "platform": "linux",
     "platform_os": "ubuntu20.04",
     "target": {
      "name": "skylake",
      "vendor": "GenuineIntel",
      "features": [
       "adx",
       "aes",
       "avx",
       "avx2",
       "bmi1",
       "bmi2",
       "clflushopt",
       "f16c",
       "fma",
       "mmx",
       "movbe",
       "pclmulqdq",
       "popcnt",
       "rdrand",
       "rdseed",
       "sse",
       "sse2",
       "sse4_1",
       "sse4_2",
       "ssse3",
       "xsavec",
       "xsaveopt"
      ],
      "generation": 0,
      "parents": [
       "broadwell"
      ]
     }
    },
    "compiler": {
     "name": "clang",
     "version": "10.0.0"
    },
    "namespace": "builtin",
    "parameters": {
     "bzip2": true,
     "curses": true,
     "git": true,
     "libunistring": false,
     "libxml2": true,
     "tar": true,
     "xz": true,
     "cflags": [],
     "cppflags": [],
     "cxxflags": [],
     "fflags": [],
     "ldflags": [],
     "ldlibs": []
    },
    "dependencies": {
     "bzip2": {
      "hash": "ewlworrutanougautwzdkome2fv3azoi",
      "type": [
       "build",
       "link"
      ]
     },
     "libiconv": {
      "hash": "chcezegdsqsl7iwruvlmx33hn3mfsgne",
      "type": [
       "build",
       "link"
      ]
     },
     "libxml2": {
      "hash": "kjvb76u3xdcupnjqo3m77xcemfjgmspg",
      "type": [
       "build",
       "link"
      ]
     },
     "ncurses": {
      "hash": "taoujt3fr35t2dkm6k5rexo55vrjrzjt",
      "type": [
       "build",
       "link"
      ]
     },
     "tar": {
      "hash": "i3y7qrcivcnj5oqfytsenfyqei7kou6n",
      "type": [
       "build",
       "link"
      ]
     },
     "xz": {
      "hash": "qstprcrhafein3yfpr4rl3dtfz52bucf",
      "type": [
       "build",
       "link",
       "run"
      ]
     }
    },
    "hash": "nci4bwe4hlbj3ezx6qrpvontmnd6qbky"
   }
  },
  "chcezegdsqsl7iwruvlmx33hn3mfsgne": {
   "libiconv": {
    "version": "1.16",
    "arch": {
     "platform": "linux",
     "platform_os": "ubuntu20.04",
     "target": {
      "name": "skylake",
      "vendor": "GenuineIntel",
      "features": [
       "adx",
       "aes",
       "avx",
       "avx2",
       "bmi1",
       "bmi2",
       "clflushopt",
       "f16c",
       "fma",
       "mmx",
       "movbe",
       "pclmulqdq",
       "popcnt",
       "rdrand",
       "rdseed",
       "sse",
       "sse2",
       "sse4_1",
       "sse4_2",
       "ssse3",
       "xsavec",
       "xsaveopt"
      ],
      "generation": 0,
      "parents": [
       "broadwell"
      ]
     }
    },
    "compiler": {
     "name": "clang",
     "version": "10.0.0"
    },
    "namespace": "builtin",
    "parameters": {
     "cflags": [],
     "cppflags": [],
     "cxxflags": [],
     "fflags": [],
     "ldflags": [],
     "ldlibs": []
    },
    "hash": "chcezegdsqsl7iwruvlmx33hn3mfsgne"
   }
  },
  "kjvb76u3xdcupnjqo3m77xcemfjgmspg": {
   "libxml2": {
    "version": "2.9.10",
    "arch": {
     "platform": "linux",
     "platform_os": "ubuntu20.04",
     "target": {
      "name": "skylake",
      "vendor": "GenuineIntel",
      "features": [
       "adx",
       "aes",
       "avx",
       "avx2",
       "bmi1",
       "bmi2",
       "clflushopt",
       "f16c",
       "fma",
       "mmx",
       "movbe",
       "pclmulqdq",
       "popcnt",
       "rdrand",
       "rdseed",
       "sse",
       "sse2",
       "sse4_1",
       "sse4_2",
       "ssse3",
       "xsavec",
       "xsaveopt"
      ],
      "generation": 0,
      "parents": [
       "broadwell"
      ]
     }
    },
    "compiler": {
     "name": "clang",
     "version": "10.0.0"
    },
    "namespace": "builtin",
    "parameters": {
     "python": false,
     "cflags": [],
     "cppflags": [],
     "cxxflags": [],
     "fflags": [],
     "ldflags": [],
     "ldlibs": []
    },
    "dependencies": {
     "libiconv": {
      "hash": "chcezegdsqsl7iwruvlmx33hn3mfsgne",
      "type": [
       "build",
       "link"
      ]
     },
     "pkg-config": {
      "hash": "sdqw2w4likgs75yvuchonmlrtnid3l43",
      "type": [
       "build"
      ]
     },
     "xz": {
      "hash": "qstprcrhafein3yfpr4rl3dtfz52bucf",
      "type": [
       "build",
       "link"
      ]
     },
     "zlib": {
      "hash": "twr5hwmickp6lovf2hnpu5wdhtfb6wby",
      "type": [
       "build",
       "link"
      ]
     }
    },
    "hash": "5y7sh2pgs2zjjgyh26x6t2hrh3ier54b"
   }
  },
  "sdqw2w4likgs75yvuchonmlrtnid3l43": {
   "pkg-config": {
    "version": "0.29.1",
    "arch": {
     "platform": "linux",
     "platform_os": "ubuntu20.04",
     "target": {
      "name": "skylake",
      "vendor": "GenuineIntel",
      "features": [
       "adx",
       "aes",
       "avx",
       "avx2",
       "bmi1",
       "bmi2",
       "clflushopt",
       "f16c",
       "fma",
       "mmx",
       "movbe",
       "pclmulqdq",
       "popcnt",
       "rdrand",
       "rdseed",
       "sse",
       "sse2",
       "sse4_1",
       "sse4_2",
       "ssse3",
       "xsavec",
       "xsaveopt"
      ],
      "generation": 0,
      "parents": [
       "broadwell"
      ]
     }
    },
    "compiler": {
     "name": "clang",
     "version": "10.0.0"
    },
    "namespace": "builtin",
    "parameters": {
     "internal_glib": true,
     "patches": [
      "49ffcd644e190dc5efcb2fab491177811ea746c1a526f75d77118c2706574358"
     ],
     "cflags": [],
     "cppflags": [],
     "cxxflags": [],
     "fflags": [],
     "ldflags": [],
     "ldlibs": []
    },
    "external": {
     "path": "/",
     "module": null,
     "extra_attributes": {}
    },
    "patches": [
     "49ffcd644e190dc5efcb2fab491177811ea746c1a526f75d77118c2706574358"
    ],
    "hash": "sdqw2w4likgs75yvuchonmlrtnid3l43"
   }
  },
  "qstprcrhafein3yfpr4rl3dtfz52bucf": {
   "xz": {
    "version": "5.2.4",
    "arch": {
     "platform": "linux",
     "platform_os": "ubuntu20.04",
     "target": {
      "name": "skylake",
      "vendor": "GenuineIntel",
      "features": [
       "adx",
       "aes",
       "avx",
       "avx2",
       "bmi1",
       "bmi2",
       "clflushopt",
       "f16c",
       "fma",
       "mmx",
       "movbe",
       "pclmulqdq",
       "popcnt",
       "rdrand",
       "rdseed",
       "sse",
       "sse2",
       "sse4_1",
       "sse4_2",
       "ssse3",
       "xsavec",
       "xsaveopt"
      ],
      "generation": 0,
      "parents": [
       "broadwell"
      ]
     }
    },
    "compiler": {
     "name": "clang",
     "version": "10.0.0"
    },
    "namespace": "builtin",
    "parameters": {
     "pic": false,
     "cflags": [],
     "cppflags": [],
     "cxxflags": [],
     "fflags": [],
     "ldflags": [],
     "ldlibs": []
    },
    "external": {
     "path": "/",
     "module": null,
     "extra_attributes": {}
    },
    "hash": "qstprcrhafein3yfpr4rl3dtfz52bucf"
   }
  },
  "twr5hwmickp6lovf2hnpu5wdhtfb6wby": {
   "zlib": {
    "version": "1.2.11",
    "arch": {
     "platform": "linux",
     "platform_os": "ubuntu20.04",
     "target": {
      "name": "skylake",
      "vendor": "GenuineIntel",
      "features": [
       "adx",
       "aes",
       "avx",
       "avx2",
       "bmi1",
       "bmi2",
       "clflushopt",
       "f16c",
       "fma",
       "mmx",
       "movbe",
       "pclmulqdq",
       "popcnt",
       "rdrand",
       "rdseed",
       "sse",
       "sse2",
       "sse4_1",
       "sse4_2",
       "ssse3",
       "xsavec",
       "xsaveopt"
      ],
      "generation": 0,
      "parents": [
       "broadwell"
      ]
     }
    },
    "compiler": {
     "name": "clang",
     "version": "10.0.0"
    },
    "namespace": "builtin",
    "parameters": {
     "optimize": true,
     "pic": true,
     "shared": true,
     "cflags": [],
     "cppflags": [],
     "cxxflags": [],
     "fflags": [],
     "ldflags": [],
     "ldlibs": []
    },
    "hash": "twr5hwmickp6lovf2hnpu5wdhtfb6wby"
   }
  },
  "i3y7qrcivcnj5oqfytsenfyqei7kou6n": {
   "tar": {
    "version": "1.30",
    "arch": {
     "platform": "linux",
     "platform_os": "ubuntu20.04",
     "target": {
      "name": "skylake",
      "vendor": "GenuineIntel",
      "features": [
       "adx",
       "aes",
       "avx",
       "avx2",
       "bmi1",
       "bmi2",
       "clflushopt",
       "f16c",
       "fma",
       "mmx",
       "movbe",
       "pclmulqdq",
       "popcnt",
       "rdrand",
       "rdseed",
       "sse",
       "sse2",
       "sse4_1",
       "sse4_2",
       "ssse3",
       "xsavec",
       "xsaveopt"
      ],
      "generation": 0,
      "parents": [
       "broadwell"
      ]
     }
    },
    "compiler": {
     "name": "clang",
     "version": "10.0.0"
    },
    "namespace": "builtin",
    "parameters": {
     "cflags": [],
     "cppflags": [],
     "cxxflags": [],
     "fflags": [],
     "ldflags": [],
     "ldlibs": []
    },
    "external": {
     "path": "/usr",
     "module": null,
     "extra_attributes": {}
    },
    "hash": "i3y7qrcivcnj5oqfytsenfyqei7kou6n"
   }
  },
  "drhae6txkbfjp4xmfyiiziweptftcrtc": {
   "libffi": {
    "version": "3.3",
    "arch": {
     "platform": "linux",
     "platform_os": "ubuntu20.04",
     "target": {
      "name": "skylake",
      "vendor": "GenuineIntel",
      "features": [
       "adx",
       "aes",
       "avx",
       "avx2",
       "bmi1",
       "bmi2",
       "clflushopt",
       "f16c",
       "fma",
       "mmx",
       "movbe",
       "pclmulqdq",
       "popcnt",
       "rdrand",
       "rdseed",
       "sse",
       "sse2",
       "sse4_1",
       "sse4_2",
       "ssse3",
       "xsavec",
       "xsaveopt"
      ],
      "generation": 0,
      "parents": [
       "broadwell"
      ]
     }
    },
    "compiler": {
     "name": "clang",
     "version": "10.0.0"
    },
    "namespace": "builtin",
    "parameters": {
     "patches": [
      "26f26c6f29a7ce9bf370ad3ab2610f99365b4bdd7b82e7c31df41a3370d685c0"
     ],
     "cflags": [],
     "cppflags": [],
     "cxxflags": [],
     "fflags": [],
     "ldflags": [],
     "ldlibs": []
    },
    "patches": [
     "26f26c6f29a7ce9bf370ad3ab2610f99365b4bdd7b82e7c31df41a3370d685c0"
    ],
    "hash": "drhae6txkbfjp4xmfyiiziweptftcrtc"
   }
  },
  "6d6meflrtkc5cfd2anxxyecdjxdo4lwv": {
   "openssl": {
    "version": "1.1.1f",
    "arch": {
     "platform": "linux",
     "platform_os": "ubuntu20.04",
     "target": {
      "name": "skylake",
      "vendor": "GenuineIntel",
      "features": [
       "adx",
       "aes",
       "avx",
       "avx2",
       "bmi1",
       "bmi2",
       "clflushopt",
       "f16c",
       "fma",
       "mmx",
       "movbe",
       "pclmulqdq",
       "popcnt",
       "rdrand",
       "rdseed",
       "sse",
       "sse2",
       "sse4_1",
       "sse4_2",
       "ssse3",
       "xsavec",
       "xsaveopt"
      ],
      "generation": 0,
      "parents": [
       "broadwell"
      ]
     }
    },
    "compiler": {
     "name": "clang",
     "version": "10.0.0"
    },
    "namespace": "builtin",
    "parameters": {
     "docs": false,
     "systemcerts": true,
     "cflags": [],
     "cppflags": [],
     "cxxflags": [],
     "fflags": [],
     "ldflags": [],
     "ldlibs": []
    },
    "external": {
     "path": "/usr",
     "module": null,
     "extra_attributes": {}
    },
    "hash": "6d6meflrtkc5cfd2anxxyecdjxdo4lwv"
   }
  },
  "pkdm6fd2erfu4m2xlq66sbwcj56ksubt": {
   "sqlite": {
    "version": "3.35.3",
    "arch": {
     "platform": "linux",
     "platform_os": "ubuntu20.04",
     "target": {
      "name": "skylake",
      "vendor": "GenuineIntel",
      "features": [
       "adx",
       "aes",
       "avx",
       "avx2",
       "bmi1",
       "bmi2",
       "clflushopt",
       "f16c",
       "fma",
       "mmx",
       "movbe",
       "pclmulqdq",
       "popcnt",
       "rdrand",
       "rdseed",
       "sse",
       "sse2",
       "sse4_1",
       "sse4_2",
       "ssse3",
       "xsavec",
       "xsaveopt"
      ],
      "generation": 0,
      "parents": [
       "broadwell"
      ]
     }
    },
    "compiler": {
     "name": "clang",
     "version": "10.0.0"
    },
    "namespace": "builtin",
    "parameters": {
     "column_metadata": true,
     "fts": true,
     "functions": false,
     "rtree": false,
     "cflags": [],
     "cppflags": [],
     "cxxflags": [],
     "fflags": [],
     "ldflags": [],
     "ldlibs": []
    },
    "dependencies": {
     "readline": {
      "hash": "i5yuu3bz3fpoyqy4ejgh7db5bwx73c5o",
      "type": [
       "build",
       "link"
      ]
     },
     "zlib": {
      "hash": "twr5hwmickp6lovf2hnpu5wdhtfb6wby",
      "type": [
       "build",
       "link"
      ]
     }
    },
    "hash": "pkdm6fd2erfu4m2xlq66sbwcj56ksubt"
   }
  },
  "nw2geyo3vrbmvv725mm6afsvly2ppfvz": {
   "util-linux-uuid": {
    "version": "2.36.2",
    "arch": {
     "platform": "linux",
     "platform_os": "ubuntu20.04",
     "target": {
      "name": "skylake",
      "vendor": "GenuineIntel",
      "features": [
       "adx",
       "aes",
       "avx",
       "avx2",
       "bmi1",
       "bmi2",
       "clflushopt",
       "f16c",
       "fma",
       "mmx",
       "movbe",
       "pclmulqdq",
       "popcnt",
       "rdrand",
       "rdseed",
       "sse",
       "sse2",
       "sse4_1",
       "sse4_2",
       "ssse3",
       "xsavec",
       "xsaveopt"
      ],
      "generation": 0,
      "parents": [
       "broadwell"
      ]
     }
    },
    "compiler": {
     "name": "clang",
     "version": "10.0.0"
    },
    "namespace": "builtin",
    "parameters": {
     "cflags": [],
     "cppflags": [],
     "cxxflags": [],
     "fflags": [],
     "ldflags": [],
     "ldlibs": []
    },
    "dependencies": {
     "pkg-config": {
      "hash": "sdqw2w4likgs75yvuchonmlrtnid3l43",
      "type": [
       "build"
      ]
     }
    },
    "hash": "565wgsrhtvbxdt34neunoryz2f5qmdhn"
   }
  },
  "ghvxt3njb6zf4oikfpbe7jvnu2yyw6xt": {
   "py-six": {
    "version": "1.15.0",
    "arch": {
     "platform": "linux",
     "platform_os": "ubuntu20.04",
     "target": {
      "name": "skylake",
      "vendor": "GenuineIntel",
      "features": [
       "adx",
       "aes",
       "avx",
       "avx2",
       "bmi1",
       "bmi2",
       "clflushopt",
       "f16c",
       "fma",
       "mmx",
       "movbe",
       "pclmulqdq",
       "popcnt",
       "rdrand",
       "rdseed",
       "sse",
       "sse2",
       "sse4_1",
       "sse4_2",
       "ssse3",
       "xsavec",
       "xsaveopt"
      ],
      "generation": 0,
      "parents": [
       "broadwell"
      ]
     }
    },
    "compiler": {
     "name": "clang",
     "version": "10.0.0"
    },
    "namespace": "builtin",
    "parameters": {
     "cflags": [],
     "cppflags": [],
     "cxxflags": [],
     "fflags": [],
     "ldflags": [],
     "ldlibs": []
    },
    "dependencies": {
     "py-setuptools": {
      "hash": "knf2jilinezmvibjzzxjs5ltgjxnww6z",
      "type": [
       "build"
      ]
     },
     "python": {
      "hash": "2rxazl3gk5w4om3ejcwtqd325bqvtnxb",
      "type": [
       "build",
       "run"
      ]
     }
    },
    "hash": "q2wlgfb5znlxrzrgpyuaed2vihcfy3rv"
   }
  },
  "5texflgewp6qiwnzwvfc3lan5vpzttbm": {
   "cxxopts": {
    "version": "2.2.0",
    "arch": {
     "platform": "linux",
     "platform_os": "ubuntu20.04",
     "target": {
      "name": "skylake",
      "vendor": "GenuineIntel",
      "features": [
       "adx",
       "aes",
       "avx",
       "avx2",
       "bmi1",
       "bmi2",
       "clflushopt",
       "f16c",
       "fma",
       "mmx",
       "movbe",
       "pclmulqdq",
       "popcnt",
       "rdrand",
       "rdseed",
       "sse",
       "sse2",
       "sse4_1",
       "sse4_2",
       "ssse3",
       "xsavec",
       "xsaveopt"
      ],
      "generation": 0,
      "parents": [
       "broadwell"
      ]
     }
    },
    "compiler": {
     "name": "clang",
     "version": "10.0.0"
    },
    "namespace": "builtin",
    "parameters": {
     "build_type": "RelWithDebInfo",
     "ipo": false,
     "unicode": false,
     "cflags": [],
     "cppflags": [],
     "cxxflags": [],
     "fflags": [],
     "ldflags": [],
     "ldlibs": []
    },
    "dependencies": {
     "cmake": {
      "hash": "2g4tpcqgykgzhkwnrqfosu5crdfn7iir",
      "type": [
       "build"
      ]
     }
    },
    "hash": "o6opuv6sktcnp5wehvcnovq42wlil6zc"
   }
  },
  "2g4tpcqgykgzhkwnrqfosu5crdfn7iir": {
   "cmake": {
    "version": "3.16.3",
    "arch": {
     "platform": "linux",
     "platform_os": "ubuntu20.04",
     "target": {
      "name": "skylake",
      "vendor": "GenuineIntel",
      "features": [
       "adx",
       "aes",
       "avx",
       "avx2",
       "bmi1",
       "bmi2",
       "clflushopt",
       "f16c",
       "fma",
       "mmx",
       "movbe",
       "pclmulqdq",
       "popcnt",
       "rdrand",
       "rdseed",
       "sse",
       "sse2",
       "sse4_1",
       "sse4_2",
       "ssse3",
       "xsavec",
       "xsaveopt"
      ],
      "generation": 0,
      "parents": [
       "broadwell"
      ]
     }
    },
    "compiler": {
     "name": "clang",
     "version": "10.0.0"
    },
    "namespace": "builtin",
    "parameters": {
     "build_type": "Release",
     "doc": false,
     "ncurses": true,
     "openssl": true,
     "ownlibs": true,
     "patches": [
      "1c540040c7e203dd8e27aa20345ecb07fe06570d56410a24a266ae570b1c4c39",
      "bf695e3febb222da2ed94b3beea600650e4318975da90e4a71d6f31a6d5d8c3d"
     ],
     "qt": false,
     "cflags": [],
     "cppflags": [],
     "cxxflags": [],
     "fflags": [],
     "ldflags": [],
     "ldlibs": []
    },
    "external": {
     "path": "/",
     "module": null,
     "extra_attributes": {}
    },
    "patches": [
     "1c540040c7e203dd8e27aa20345ecb07fe06570d56410a24a266ae570b1c4c39",
     "bf695e3febb222da2ed94b3beea600650e4318975da90e4a71d6f31a6d5d8c3d"
    ],
    "hash": "2g4tpcqgykgzhkwnrqfosu5crdfn7iir"
   }
  },
  "jjvhry4pgpq4kxpqwciuiwwwri66fqss": {
   "py-pyyaml": {
    "version": "5.3.1",
    "arch": {
     "platform": "linux",
     "platform_os": "ubuntu20.04",
     "target": {
      "name": "skylake",
      "vendor": "GenuineIntel",
      "features": [
       "adx",
       "aes",
       "avx",
       "avx2",
       "bmi1",
       "bmi2",
       "clflushopt",
       "f16c",
       "fma",
       "mmx",
       "movbe",
       "pclmulqdq",
       "popcnt",
       "rdrand",
       "rdseed",
       "sse",
       "sse2",
       "sse4_1",
       "sse4_2",
       "ssse3",
       "xsavec",
       "xsaveopt"
      ],
      "generation": 0,
      "parents": [
       "broadwell"
      ]
     }
    },
    "compiler": {
     "name": "clang",
     "version": "10.0.0"
    },
    "namespace": "builtin",
    "parameters": {
     "libyaml": true,
     "cflags": [],
     "cppflags": [],
     "cxxflags": [],
     "fflags": [],
     "ldflags": [],
     "ldlibs": []
    },
    "dependencies": {
     "libyaml": {
      "hash": "uhh5clsm3wz743y4vzxd7s4zug52am4h",
      "type": [
       "build",
       "link"
      ]
     },
     "python": {
      "hash": "2rxazl3gk5w4om3ejcwtqd325bqvtnxb",
      "type": [
       "build",
       "run"
      ]
     }
    },
    "hash": "znpkyw6zprwtfealz635fzrqxytd4smm"
   }
  },
  "uhh5clsm3wz743y4vzxd7s4zug52am4h": {
   "libyaml": {
    "version": "0.2.5",
    "arch": {
     "platform": "linux",
     "platform_os": "ubuntu20.04",
     "target": {
      "name": "skylake",
      "vendor": "GenuineIntel",
      "features": [
       "adx",
       "aes",
       "avx",
       "avx2",
       "bmi1",
       "bmi2",
       "clflushopt",
       "f16c",
       "fma",
       "mmx",
       "movbe",
       "pclmulqdq",
       "popcnt",
       "rdrand",
       "rdseed",
       "sse",
       "sse2",
       "sse4_1",
       "sse4_2",
       "ssse3",
       "xsavec",
       "xsaveopt"
      ],
      "generation": 0,
      "parents": [
       "broadwell"
      ]
     }
    },
    "compiler": {
     "name": "clang",
     "version": "10.0.0"
    },
    "namespace": "builtin",
    "parameters": {
     "cflags": [],
     "cppflags": [],
     "cxxflags": [],
     "fflags": [],
     "ldflags": [],
     "ldlibs": []
    },
    "hash": "uhh5clsm3wz743y4vzxd7s4zug52am4h"
   }
  }
 }
}